// !$*UTF8*$!
{
	archiveVersion = 1;
	classes = {
	};
	objectVersion = 46;
	objects = {

/* Begin PBXBuildFile section */
		7C2BECF317009C5E00D3CEA3 /* GCSE-Biology-Exam-Board-OCR-Gateway.pdf in Resources */ = {isa = PBXBuildFile; fileRef = 7C2BECEF17009C5E00D3CEA3 /* GCSE-Biology-Exam-Board-OCR-Gateway.pdf */; };
		7C2BECF417009C5E00D3CEA3 /* GCSE-Biology-Exam-Board-OCR-21st-Century.pdf in Resources */ = {isa = PBXBuildFile; fileRef = 7C2BECF017009C5E00D3CEA3 /* GCSE-Biology-Exam-Board-OCR-21st-Century.pdf */; };
		7C2BECF517009C5E00D3CEA3 /* GCSE-Biology-Exam-Board-Edexcel.pdf in Resources */ = {isa = PBXBuildFile; fileRef = 7C2BECF117009C5E00D3CEA3 /* GCSE-Biology-Exam-Board-Edexcel.pdf */; };
		7C2BECF617009C5E00D3CEA3 /* GCSE-Biology-Exam-Board-AQA.pdf in Resources */ = {isa = PBXBuildFile; fileRef = 7C2BECF217009C5E00D3CEA3 /* GCSE-Biology-Exam-Board-AQA.pdf */; };
		7CDD3A2F16F07AC000114232 /* UIKit.framework in Frameworks */ = {isa = PBXBuildFile; fileRef = 7CDD3A2E16F07AC000114232 /* UIKit.framework */; };
		7CDD3A3116F07AC000114232 /* Foundation.framework in Frameworks */ = {isa = PBXBuildFile; fileRef = 7CDD3A3016F07AC000114232 /* Foundation.framework */; };
		7CDD3A3316F07AC000114232 /* CoreGraphics.framework in Frameworks */ = {isa = PBXBuildFile; fileRef = 7CDD3A3216F07AC000114232 /* CoreGraphics.framework */; };
		7CDD3A3916F07AC000114232 /* InfoPlist.strings in Resources */ = {isa = PBXBuildFile; fileRef = 7CDD3A3716F07AC000114232 /* InfoPlist.strings */; };
		7CDD3A3B16F07AC000114232 /* main.m in Sources */ = {isa = PBXBuildFile; fileRef = 7CDD3A3A16F07AC000114232 /* main.m */; };
		7CDD3A6916F07BEF00114232 /* AVFoundation.framework in Frameworks */ = {isa = PBXBuildFile; fileRef = 7CDD3A6816F07BEF00114232 /* AVFoundation.framework */; };
		7CDD3A6B16F07BFF00114232 /* libsqlite3.dylib in Frameworks */ = {isa = PBXBuildFile; fileRef = 7CDD3A6A16F07BFF00114232 /* libsqlite3.dylib */; };
		7CDD3A6D16F07C0A00114232 /* CFNetwork.framework in Frameworks */ = {isa = PBXBuildFile; fileRef = 7CDD3A6C16F07C0A00114232 /* CFNetwork.framework */; };
		7CDD3A6F16F07C1300114232 /* MessageUI.framework in Frameworks */ = {isa = PBXBuildFile; fileRef = 7CDD3A6E16F07C1300114232 /* MessageUI.framework */; };
		7CDD3A7116F07C1B00114232 /* StoreKit.framework in Frameworks */ = {isa = PBXBuildFile; fileRef = 7CDD3A7016F07C1B00114232 /* StoreKit.framework */; };
		7CDD3A7316F07C2A00114232 /* MediaPlayer.framework in Frameworks */ = {isa = PBXBuildFile; fileRef = 7CDD3A7216F07C2A00114232 /* MediaPlayer.framework */; };
		7CDD3A7516F07C3700114232 /* SystemConfiguration.framework in Frameworks */ = {isa = PBXBuildFile; fileRef = 7CDD3A7416F07C3700114232 /* SystemConfiguration.framework */; };
		7CDD3A7716F07C4100114232 /* Twitter.framework in Frameworks */ = {isa = PBXBuildFile; fileRef = 7CDD3A7616F07C4100114232 /* Twitter.framework */; };
		7CDD3A8716F07D1800114232 /* libfacebook_ios_sdk.a in Frameworks */ = {isa = PBXBuildFile; fileRef = 7CDD3A8016F07CD200114232 /* libfacebook_ios_sdk.a */; };
		7CDD3A8A16F07D5300114232 /* libGoogleAnalytics.a in Frameworks */ = {isa = PBXBuildFile; fileRef = 7CDD3A8916F07D3F00114232 /* libGoogleAnalytics.a */; };
		7CDD3AAC16F07E4C00114232 /* nav_btn_coverage_deselected.png in Resources */ = {isa = PBXBuildFile; fileRef = 7CDD3AA916F07E4C00114232 /* nav_btn_coverage_deselected.png */; };
		7CDD3AAD16F07E4C00114232 /* btn_videos_deselected.png in Resources */ = {isa = PBXBuildFile; fileRef = 7CDD3AAA16F07E4C00114232 /* btn_videos_deselected.png */; };
		7CDD3AAE16F07E4C00114232 /* 60-signpost.png in Resources */ = {isa = PBXBuildFile; fileRef = 7CDD3AAB16F07E4C00114232 /* 60-signpost.png */; };
		7CDD3ADA16F07EC200114232 /* web_promo_btn.png in Resources */ = {isa = PBXBuildFile; fileRef = 7CDD3ABA16F07EC200114232 /* web_promo_btn.png */; };
		7CDD3ADB16F07EC200114232 /* buy_now.png in Resources */ = {isa = PBXBuildFile; fileRef = 7CDD3ABB16F07EC200114232 /* buy_now.png */; };
		7CDD3ADC16F07EC200114232 /* buy_now@2x.png in Resources */ = {isa = PBXBuildFile; fileRef = 7CDD3ABC16F07EC200114232 /* buy_now@2x.png */; };
		7CDD3ADD16F07EC200114232 /* free.png in Resources */ = {isa = PBXBuildFile; fileRef = 7CDD3ABD16F07EC200114232 /* free.png */; };
		7CDD3ADE16F07EC200114232 /* subscribe.png in Resources */ = {isa = PBXBuildFile; fileRef = 7CDD3ABE16F07EC200114232 /* subscribe.png */; };
		7CDD3ADF16F07EC200114232 /* Default-Landscape.png in Resources */ = {isa = PBXBuildFile; fileRef = 7CDD3ABF16F07EC200114232 /* Default-Landscape.png */; };
		7CDD3AE016F07EC200114232 /* Default-Portrait.png in Resources */ = {isa = PBXBuildFile; fileRef = 7CDD3AC016F07EC200114232 /* Default-Portrait.png */; };
		7CDD3AE116F07EC200114232 /* Default-Portrait@2x.png in Resources */ = {isa = PBXBuildFile; fileRef = 7CDD3AC116F07EC200114232 /* Default-Portrait@2x.png */; };
		7CDD3AE216F07EC200114232 /* Default-Landscape@2x.png in Resources */ = {isa = PBXBuildFile; fileRef = 7CDD3AC216F07EC200114232 /* Default-Landscape@2x.png */; };
		7CDD3AE316F07EC200114232 /* Background.png in Resources */ = {isa = PBXBuildFile; fileRef = 7CDD3AC316F07EC200114232 /* Background.png */; };
		7CDD3AE416F07EC200114232 /* Background@2x.png in Resources */ = {isa = PBXBuildFile; fileRef = 7CDD3AC416F07EC200114232 /* Background@2x.png */; };
		7CDD3AE516F07EC200114232 /* header_bar.png in Resources */ = {isa = PBXBuildFile; fileRef = 7CDD3AC516F07EC200114232 /* header_bar.png */; };
		7CDD3AE616F07EC200114232 /* share_intro.png in Resources */ = {isa = PBXBuildFile; fileRef = 7CDD3AC616F07EC200114232 /* share_intro.png */; };
		7CDD3AE716F07EC200114232 /* share_intro@2x.png in Resources */ = {isa = PBXBuildFile; fileRef = 7CDD3AC716F07EC200114232 /* share_intro@2x.png */; };
		7CDD3AE816F07EC200114232 /* divider_notifications.png in Resources */ = {isa = PBXBuildFile; fileRef = 7CDD3AC816F07EC200114232 /* divider_notifications.png */; };
		7CDD3AE916F07EC200114232 /* divider_share.png in Resources */ = {isa = PBXBuildFile; fileRef = 7CDD3AC916F07EC200114232 /* divider_share.png */; };
		7CDD3AEA16F07EC200114232 /* free_and_paid_videos.png in Resources */ = {isa = PBXBuildFile; fileRef = 7CDD3ACA16F07EC200114232 /* free_and_paid_videos.png */; };
		7CDD3AF316F07EC200114232 /* icon_email_to_friend.png in Resources */ = {isa = PBXBuildFile; fileRef = 7CDD3AD316F07EC200114232 /* icon_email_to_friend.png */; };
		7CDD3AF416F07EC200114232 /* icon_like_on_facebook.png in Resources */ = {isa = PBXBuildFile; fileRef = 7CDD3AD416F07EC200114232 /* icon_like_on_facebook.png */; };
		7CDD3AF516F07EC200114232 /* icon_share_on_twitter.png in Resources */ = {isa = PBXBuildFile; fileRef = 7CDD3AD516F07EC200114232 /* icon_share_on_twitter.png */; };
		7CDD3AF616F07EC200114232 /* icon_follow_on_twitter.png in Resources */ = {isa = PBXBuildFile; fileRef = 7CDD3AD616F07EC200114232 /* icon_follow_on_twitter.png */; };
		7CDD3AF716F07EC200114232 /* icon_share_on_facebook.png in Resources */ = {isa = PBXBuildFile; fileRef = 7CDD3AD716F07EC200114232 /* icon_share_on_facebook.png */; };
		7CDD3AFA16F07F3600114232 /* ConfigObject.m in Sources */ = {isa = PBXBuildFile; fileRef = 7CDD3A8C16F07DBE00114232 /* ConfigObject.m */; };
		7CDD3AFB16F07F6C00114232 /* LearnersCloudSamplesVideos.m in Sources */ = {isa = PBXBuildFile; fileRef = 7CDD3A8E16F07DDF00114232 /* LearnersCloudSamplesVideos.m */; };
		7CDD3AFC16F07F6C00114232 /* AdminDashBoard.m in Sources */ = {isa = PBXBuildFile; fileRef = 7CDD3A9016F07DDF00114232 /* AdminDashBoard.m */; };
		7CDD3AFD16F07F6C00114232 /* Report.m in Sources */ = {isa = PBXBuildFile; fileRef = 7CDD3A9216F07DDF00114232 /* Report.m */; };
		7CDD3AFE16F07F6C00114232 /* Help.m in Sources */ = {isa = PBXBuildFile; fileRef = 7CDD3A9416F07DDF00114232 /* Help.m */; };
		7CDD3AFF16F07F6C00114232 /* TermsAndConditions.m in Sources */ = {isa = PBXBuildFile; fileRef = 7CDD3A9616F07DDF00114232 /* TermsAndConditions.m */; };
		7CDD3B0016F07F6C00114232 /* HowtoUse.m in Sources */ = {isa = PBXBuildFile; fileRef = 7CDD3A9816F07DDF00114232 /* HowtoUse.m */; };
		7CDD3B0116F07F6C00114232 /* PopUpTableviewViewController.m in Sources */ = {isa = PBXBuildFile; fileRef = 7CDD3A9A16F07DDF00114232 /* PopUpTableviewViewController.m */; };
		7CDD3B0216F07F6C00114232 /* Coverage.m in Sources */ = {isa = PBXBuildFile; fileRef = 7CDD3A9C16F07DDF00114232 /* Coverage.m */; };
		7CDD3B0316F07F6C00114232 /* CoverageViewer.m in Sources */ = {isa = PBXBuildFile; fileRef = 7CDD3A9E16F07DDF00114232 /* CoverageViewer.m */; };
		7CDD3B0416F07F6C00114232 /* Start.m in Sources */ = {isa = PBXBuildFile; fileRef = 7CDD3AA016F07E3600114232 /* Start.m */; };
		7CDD3B0516F07F6C00114232 /* FreeVideosClass.m in Sources */ = {isa = PBXBuildFile; fileRef = 7CDD3AA216F07E3600114232 /* FreeVideosClass.m */; };
		7CDD3B0616F07F6C00114232 /* VideoPlayer.m in Sources */ = {isa = PBXBuildFile; fileRef = 7CDD3AA416F07E3600114232 /* VideoPlayer.m */; };
		7CDD3B0716F07F6C00114232 /* Buy.m in Sources */ = {isa = PBXBuildFile; fileRef = 7CDD3AA616F07E3600114232 /* Buy.m */; };
		7CDD3B0816F07F6C00114232 /* CustomStoreObserver.m in Sources */ = {isa = PBXBuildFile; fileRef = 7CDD3AA816F07E3600114232 /* CustomStoreObserver.m */; };
		7CDD3B0916F07F6C00114232 /* TabBar.m in Sources */ = {isa = PBXBuildFile; fileRef = 7CDD3AB116F07E8500114232 /* TabBar.m */; };
		7CDD3B0A16F07F6C00114232 /* ActivityIndicator.m in Sources */ = {isa = PBXBuildFile; fileRef = 7CDD3AB316F07E8500114232 /* ActivityIndicator.m */; };
		7CDD3B0B16F07F6C00114232 /* UnderlinedButton.m in Sources */ = {isa = PBXBuildFile; fileRef = 7CDD3AB516F07E8500114232 /* UnderlinedButton.m */; };
		7CDD3B0C16F07F6C00114232 /* TransparentToolBar.m in Sources */ = {isa = PBXBuildFile; fileRef = 7CDD3AB716F07E8500114232 /* TransparentToolBar.m */; };
		7CDD3B0D16F07F6C00114232 /* Reachability.m in Sources */ = {isa = PBXBuildFile; fileRef = 7CDD3AF916F07F0300114232 /* Reachability.m */; settings = {COMPILER_FLAGS = "-fno-objc-arc"; }; };
		7CDD3B1016F09CC600114232 /* AppDelegate.m in Sources */ = {isa = PBXBuildFile; fileRef = 7CDD3B0F16F080C200114232 /* AppDelegate.m */; };
		7CDD3B1116F09F8C00114232 /* MainWindow.xib in Resources */ = {isa = PBXBuildFile; fileRef = 7CDD3AAF16F07E8500114232 /* MainWindow.xib */; };
		7CDD3B1416F0A2DF00114232 /* website_promo.png in Resources */ = {isa = PBXBuildFile; fileRef = 7CDD3B1216F0A2DF00114232 /* website_promo.png */; };
		7CDD3B1516F0A2DF00114232 /* website_promo@2x.png in Resources */ = {isa = PBXBuildFile; fileRef = 7CDD3B1316F0A2DF00114232 /* website_promo@2x.png */; };
		7CDD3B1716F0A42400114232 /* TV_biology_header.png in Resources */ = {isa = PBXBuildFile; fileRef = 7CDD3B1616F0A42300114232 /* TV_biology_header.png */; };
		7CDD3B1A16F0B98700114232 /* hero_biology.png in Resources */ = {isa = PBXBuildFile; fileRef = 7CDD3B1816F0B98700114232 /* hero_biology.png */; };
		7CDD3B1B16F0B98700114232 /* hero_biology@2x.png in Resources */ = {isa = PBXBuildFile; fileRef = 7CDD3B1916F0B98700114232 /* hero_biology@2x.png */; };
		7CDD3B2016F0BABB00114232 /* Icon-72.png in Resources */ = {isa = PBXBuildFile; fileRef = 7CDD3B1C16F0BABB00114232 /* Icon-72.png */; };
		7CDD3B2116F0BABB00114232 /* Icon-72@2x.png in Resources */ = {isa = PBXBuildFile; fileRef = 7CDD3B1D16F0BABB00114232 /* Icon-72@2x.png */; };
		7CDD3B2216F0BABB00114232 /* Icon-Small-50.png in Resources */ = {isa = PBXBuildFile; fileRef = 7CDD3B1E16F0BABB00114232 /* Icon-Small-50.png */; };
		7CDD3B2316F0BABB00114232 /* Icon-Small-50@2x.png in Resources */ = {isa = PBXBuildFile; fileRef = 7CDD3B1F16F0BABB00114232 /* Icon-Small-50@2x.png */; };
		7CDD3B2E16F0E55100114232 /* 1.png in Resources */ = {isa = PBXBuildFile; fileRef = 7CDD3B2416F0E55100114232 /* 1.png */; };
		7CDD3B2F16F0E55100114232 /* 2.png in Resources */ = {isa = PBXBuildFile; fileRef = 7CDD3B2516F0E55100114232 /* 2.png */; };
		7CDD3B3016F0E55100114232 /* 3.png in Resources */ = {isa = PBXBuildFile; fileRef = 7CDD3B2616F0E55100114232 /* 3.png */; };
		7CDD3B3116F0E55100114232 /* 4.png in Resources */ = {isa = PBXBuildFile; fileRef = 7CDD3B2716F0E55100114232 /* 4.png */; };
		7CDD3B3216F0E55100114232 /* 5.png in Resources */ = {isa = PBXBuildFile; fileRef = 7CDD3B2816F0E55100114232 /* 5.png */; };
		7CDD3B3316F0E55100114232 /* 6.png in Resources */ = {isa = PBXBuildFile; fileRef = 7CDD3B2916F0E55100114232 /* 6.png */; };
		7CDD3B3416F0E55100114232 /* 7.png in Resources */ = {isa = PBXBuildFile; fileRef = 7CDD3B2A16F0E55100114232 /* 7.png */; };
		7CDD3B3516F0E55100114232 /* 8.png in Resources */ = {isa = PBXBuildFile; fileRef = 7CDD3B2B16F0E55100114232 /* 8.png */; };
		7CDD3B3616F0E55100114232 /* 9.png in Resources */ = {isa = PBXBuildFile; fileRef = 7CDD3B2C16F0E55100114232 /* 9.png */; };
		7CDD3B3716F0E55100114232 /* 10.png in Resources */ = {isa = PBXBuildFile; fileRef = 7CDD3B2D16F0E55100114232 /* 10.png */; };
		7CDD3B4216F0E91D00114232 /* 11.png in Resources */ = {isa = PBXBuildFile; fileRef = 7CDD3B3816F0E91D00114232 /* 11.png */; };
		7CDD3B4316F0E91D00114232 /* 12.png in Resources */ = {isa = PBXBuildFile; fileRef = 7CDD3B3916F0E91D00114232 /* 12.png */; };
		7CDD3B4416F0E91D00114232 /* 13.png in Resources */ = {isa = PBXBuildFile; fileRef = 7CDD3B3A16F0E91D00114232 /* 13.png */; };
		7CDD3B4516F0E91D00114232 /* 14.png in Resources */ = {isa = PBXBuildFile; fileRef = 7CDD3B3B16F0E91D00114232 /* 14.png */; };
		7CDD3B4616F0E91D00114232 /* 15.png in Resources */ = {isa = PBXBuildFile; fileRef = 7CDD3B3C16F0E91D00114232 /* 15.png */; };
		7CDD3B4716F0E91D00114232 /* 16.png in Resources */ = {isa = PBXBuildFile; fileRef = 7CDD3B3D16F0E91D00114232 /* 16.png */; };
		7CDD3B4816F0E91D00114232 /* 17.png in Resources */ = {isa = PBXBuildFile; fileRef = 7CDD3B3E16F0E91D00114232 /* 17.png */; };
		7CDD3B4916F0E91D00114232 /* 18.png in Resources */ = {isa = PBXBuildFile; fileRef = 7CDD3B3F16F0E91D00114232 /* 18.png */; };
		7CDD3B4A16F0E91D00114232 /* 19.png in Resources */ = {isa = PBXBuildFile; fileRef = 7CDD3B4016F0E91D00114232 /* 19.png */; };
		7CDD3B4B16F0E91D00114232 /* 20.png in Resources */ = {isa = PBXBuildFile; fileRef = 7CDD3B4116F0E91D00114232 /* 20.png */; };
		7CDD3B5716F0EB9900114232 /* 21.png in Resources */ = {isa = PBXBuildFile; fileRef = 7CDD3B4C16F0EB9900114232 /* 21.png */; };
		7CDD3B5816F0EB9900114232 /* 22.png in Resources */ = {isa = PBXBuildFile; fileRef = 7CDD3B4D16F0EB9900114232 /* 22.png */; };
		7CDD3B5916F0EB9900114232 /* 23.png in Resources */ = {isa = PBXBuildFile; fileRef = 7CDD3B4E16F0EB9900114232 /* 23.png */; };
		7CDD3B5A16F0EB9900114232 /* 24.png in Resources */ = {isa = PBXBuildFile; fileRef = 7CDD3B4F16F0EB9900114232 /* 24.png */; };
		7CDD3B5B16F0EB9900114232 /* 25.png in Resources */ = {isa = PBXBuildFile; fileRef = 7CDD3B5016F0EB9900114232 /* 25.png */; };
		7CDD3B5C16F0EB9900114232 /* 26.png in Resources */ = {isa = PBXBuildFile; fileRef = 7CDD3B5116F0EB9900114232 /* 26.png */; };
		7CDD3B5D16F0EB9900114232 /* 27.png in Resources */ = {isa = PBXBuildFile; fileRef = 7CDD3B5216F0EB9900114232 /* 27.png */; };
		7CDD3B5E16F0EB9900114232 /* 28.png in Resources */ = {isa = PBXBuildFile; fileRef = 7CDD3B5316F0EB9900114232 /* 28.png */; };
		7CDD3B5F16F0EB9900114232 /* 29.png in Resources */ = {isa = PBXBuildFile; fileRef = 7CDD3B5416F0EB9900114232 /* 29.png */; };
		7CDD3B6016F0EB9900114232 /* 30.png in Resources */ = {isa = PBXBuildFile; fileRef = 7CDD3B5516F0EB9900114232 /* 30.png */; };
		7CDD3B6116F0EB9900114232 /* 31.png in Resources */ = {isa = PBXBuildFile; fileRef = 7CDD3B5616F0EB9900114232 /* 31.png */; };
		7CDD3B6B16F0EF8500114232 /* 32.png in Resources */ = {isa = PBXBuildFile; fileRef = 7CDD3B6216F0EF8500114232 /* 32.png */; };
		7CDD3B6C16F0EF8500114232 /* 33.png in Resources */ = {isa = PBXBuildFile; fileRef = 7CDD3B6316F0EF8500114232 /* 33.png */; };
		7CDD3B6D16F0EF8500114232 /* 34.png in Resources */ = {isa = PBXBuildFile; fileRef = 7CDD3B6416F0EF8500114232 /* 34.png */; };
		7CDD3B6E16F0EF8500114232 /* 35.png in Resources */ = {isa = PBXBuildFile; fileRef = 7CDD3B6516F0EF8500114232 /* 35.png */; };
		7CDD3B6F16F0EF8500114232 /* 36.png in Resources */ = {isa = PBXBuildFile; fileRef = 7CDD3B6616F0EF8500114232 /* 36.png */; };
		7CDD3B7016F0EF8500114232 /* 37.png in Resources */ = {isa = PBXBuildFile; fileRef = 7CDD3B6716F0EF8500114232 /* 37.png */; };
		7CDD3B7116F0EF8500114232 /* 38.png in Resources */ = {isa = PBXBuildFile; fileRef = 7CDD3B6816F0EF8500114232 /* 38.png */; };
		7CDD3B7216F0EF8500114232 /* 39.png in Resources */ = {isa = PBXBuildFile; fileRef = 7CDD3B6916F0EF8500114232 /* 39.png */; };
		7CDD3B7316F0EF8500114232 /* 40.png in Resources */ = {isa = PBXBuildFile; fileRef = 7CDD3B6A16F0EF8500114232 /* 40.png */; };
		7CDD3B8F16F1CB1800114232 /* 41.png in Resources */ = {isa = PBXBuildFile; fileRef = 7CDD3B7416F1CB0C00114232 /* 41.png */; };
		7CDD3B9016F1CB1800114232 /* 42.png in Resources */ = {isa = PBXBuildFile; fileRef = 7CDD3B7516F1CB0D00114232 /* 42.png */; };
		7CDD3B9116F1CB1800114232 /* 43.png in Resources */ = {isa = PBXBuildFile; fileRef = 7CDD3B7616F1CB0D00114232 /* 43.png */; };
		7CDD3B9216F1CB1800114232 /* 44.png in Resources */ = {isa = PBXBuildFile; fileRef = 7CDD3B7716F1CB0E00114232 /* 44.png */; };
		7CDD3B9316F1CB1800114232 /* 45.png in Resources */ = {isa = PBXBuildFile; fileRef = 7CDD3B7816F1CB0E00114232 /* 45.png */; };
		7CDD3B9416F1CB1800114232 /* 46.png in Resources */ = {isa = PBXBuildFile; fileRef = 7CDD3B7916F1CB0F00114232 /* 46.png */; };
		7CDD3B9516F1CB1800114232 /* 47.png in Resources */ = {isa = PBXBuildFile; fileRef = 7CDD3B7A16F1CB1000114232 /* 47.png */; };
		7CDD3B9616F1CB1800114232 /* 48.png in Resources */ = {isa = PBXBuildFile; fileRef = 7CDD3B7B16F1CB1000114232 /* 48.png */; };
		7CDD3B9716F1CB1800114232 /* 49.png in Resources */ = {isa = PBXBuildFile; fileRef = 7CDD3B7C16F1CB1000114232 /* 49.png */; };
		7CDD3B9816F1CB1800114232 /* 50.png in Resources */ = {isa = PBXBuildFile; fileRef = 7CDD3B7D16F1CB1000114232 /* 50.png */; };
		7CDD3B9916F1CB1800114232 /* 51.png in Resources */ = {isa = PBXBuildFile; fileRef = 7CDD3B7E16F1CB1200114232 /* 51.png */; };
		7CDD3B9A16F1CB1800114232 /* 52.png in Resources */ = {isa = PBXBuildFile; fileRef = 7CDD3B7F16F1CB1200114232 /* 52.png */; };
		7CDD3B9B16F1CB1800114232 /* 53.png in Resources */ = {isa = PBXBuildFile; fileRef = 7CDD3B8016F1CB1200114232 /* 53.png */; };
		7CDD3B9C16F1CB1800114232 /* 54.png in Resources */ = {isa = PBXBuildFile; fileRef = 7CDD3B8116F1CB1200114232 /* 54.png */; };
		7CDD3B9D16F1CB1800114232 /* 55.png in Resources */ = {isa = PBXBuildFile; fileRef = 7CDD3B8216F1CB1300114232 /* 55.png */; };
		7CDD3B9E16F1CB1800114232 /* 56.png in Resources */ = {isa = PBXBuildFile; fileRef = 7CDD3B8316F1CB1300114232 /* 56.png */; };
		7CDD3B9F16F1CB1800114232 /* 57.png in Resources */ = {isa = PBXBuildFile; fileRef = 7CDD3B8416F1CB1300114232 /* 57.png */; };
		7CDD3BA016F1CB1800114232 /* 58.png in Resources */ = {isa = PBXBuildFile; fileRef = 7CDD3B8516F1CB1300114232 /* 58.png */; };
		7CDD3BA116F1CB1800114232 /* 59.png in Resources */ = {isa = PBXBuildFile; fileRef = 7CDD3B8616F1CB1300114232 /* 59.png */; };
		7CDD3BA216F1CB1800114232 /* 60.png in Resources */ = {isa = PBXBuildFile; fileRef = 7CDD3B8716F1CB1300114232 /* 60.png */; };
		7CDD3BA316F1CB1800114232 /* 61.png in Resources */ = {isa = PBXBuildFile; fileRef = 7CDD3B8816F1CB1400114232 /* 61.png */; };
		7CDD3BA416F1CB1800114232 /* 62.png in Resources */ = {isa = PBXBuildFile; fileRef = 7CDD3B8916F1CB1700114232 /* 62.png */; };
		7CDD3BA516F1CB1800114232 /* 63.png in Resources */ = {isa = PBXBuildFile; fileRef = 7CDD3B8A16F1CB1700114232 /* 63.png */; };
		7CDD3BA616F1CB1800114232 /* 64.png in Resources */ = {isa = PBXBuildFile; fileRef = 7CDD3B8B16F1CB1700114232 /* 64.png */; };
		7CDD3BA716F1CB1800114232 /* 65.png in Resources */ = {isa = PBXBuildFile; fileRef = 7CDD3B8C16F1CB1800114232 /* 65.png */; };
		7CDD3BA816F1CB1800114232 /* 66.png in Resources */ = {isa = PBXBuildFile; fileRef = 7CDD3B8D16F1CB1800114232 /* 66.png */; };
		7CDD3BA916F1CB1800114232 /* 67.png in Resources */ = {isa = PBXBuildFile; fileRef = 7CDD3B8E16F1CB1800114232 /* 67.png */; };
		7CDD3BB216F1CF0A00114232 /* 68.png in Resources */ = {isa = PBXBuildFile; fileRef = 7CDD3BAA16F1CEEF00114232 /* 68.png */; };
		7CDD3BB316F1CF0A00114232 /* 69.png in Resources */ = {isa = PBXBuildFile; fileRef = 7CDD3BAB16F1CEF200114232 /* 69.png */; };
		7CDD3BB416F1CF0A00114232 /* 70.png in Resources */ = {isa = PBXBuildFile; fileRef = 7CDD3BAC16F1CEF500114232 /* 70.png */; };
		7CDD3BB516F1CF0A00114232 /* 71.png in Resources */ = {isa = PBXBuildFile; fileRef = 7CDD3BAD16F1CEF900114232 /* 71.png */; };
		7CDD3BB616F1CF0A00114232 /* 72.png in Resources */ = {isa = PBXBuildFile; fileRef = 7CDD3BAE16F1CEFC00114232 /* 72.png */; };
		7CDD3BB716F1CF0A00114232 /* 73.png in Resources */ = {isa = PBXBuildFile; fileRef = 7CDD3BAF16F1CEFF00114232 /* 73.png */; };
		7CDD3BB816F1CF0A00114232 /* 74.png in Resources */ = {isa = PBXBuildFile; fileRef = 7CDD3BB016F1CF0200114232 /* 74.png */; };
		7CDD3BB916F1CF0A00114232 /* 75.png in Resources */ = {isa = PBXBuildFile; fileRef = 7CDD3BB116F1CF0500114232 /* 75.png */; };
		7CEA7D1816FC7C0200DB5C0B /* LearnersCloudTermsonapps.pdf in Resources */ = {isa = PBXBuildFile; fileRef = 7CEA7D1616FC7C0200DB5C0B /* LearnersCloudTermsonapps.pdf */; };
		7CEA7D1916FC7C0200DB5C0B /* HowtouseVideoStreamer.pdf in Resources */ = {isa = PBXBuildFile; fileRef = 7CEA7D1716FC7C0200DB5C0B /* HowtouseVideoStreamer.pdf */; };
/* End PBXBuildFile section */

/* Begin PBXFileReference section */
		7C2BECEF17009C5E00D3CEA3 /* GCSE-Biology-Exam-Board-OCR-Gateway.pdf */ = {isa = PBXFileReference; lastKnownFileType = image.pdf; path = "GCSE-Biology-Exam-Board-OCR-Gateway.pdf"; sourceTree = "<group>"; };
		7C2BECF017009C5E00D3CEA3 /* GCSE-Biology-Exam-Board-OCR-21st-Century.pdf */ = {isa = PBXFileReference; lastKnownFileType = image.pdf; path = "GCSE-Biology-Exam-Board-OCR-21st-Century.pdf"; sourceTree = "<group>"; };
		7C2BECF117009C5E00D3CEA3 /* GCSE-Biology-Exam-Board-Edexcel.pdf */ = {isa = PBXFileReference; lastKnownFileType = image.pdf; path = "GCSE-Biology-Exam-Board-Edexcel.pdf"; sourceTree = "<group>"; };
		7C2BECF217009C5E00D3CEA3 /* GCSE-Biology-Exam-Board-AQA.pdf */ = {isa = PBXFileReference; lastKnownFileType = image.pdf; path = "GCSE-Biology-Exam-Board-AQA.pdf"; sourceTree = "<group>"; };
		7CDD3A2B16F07AC000114232 /* GCSE.app */ = {isa = PBXFileReference; explicitFileType = wrapper.application; includeInIndex = 0; path = GCSE.app; sourceTree = BUILT_PRODUCTS_DIR; };
		7CDD3A2E16F07AC000114232 /* UIKit.framework */ = {isa = PBXFileReference; lastKnownFileType = wrapper.framework; name = UIKit.framework; path = System/Library/Frameworks/UIKit.framework; sourceTree = SDKROOT; };
		7CDD3A3016F07AC000114232 /* Foundation.framework */ = {isa = PBXFileReference; lastKnownFileType = wrapper.framework; name = Foundation.framework; path = System/Library/Frameworks/Foundation.framework; sourceTree = SDKROOT; };
		7CDD3A3216F07AC000114232 /* CoreGraphics.framework */ = {isa = PBXFileReference; lastKnownFileType = wrapper.framework; name = CoreGraphics.framework; path = System/Library/Frameworks/CoreGraphics.framework; sourceTree = SDKROOT; };
		7CDD3A3616F07AC000114232 /* BiologyVideoStreameriPad-Info.plist */ = {isa = PBXFileReference; lastKnownFileType = text.plist.xml; path = "BiologyVideoStreameriPad-Info.plist"; sourceTree = "<group>"; };
		7CDD3A3816F07AC000114232 /* en */ = {isa = PBXFileReference; lastKnownFileType = text.plist.strings; name = en; path = en.lproj/InfoPlist.strings; sourceTree = "<group>"; };
		7CDD3A3A16F07AC000114232 /* main.m */ = {isa = PBXFileReference; lastKnownFileType = sourcecode.c.objc; path = main.m; sourceTree = "<group>"; };
		7CDD3A3C16F07AC000114232 /* BiologyVideoStreameriPad-Prefix.pch */ = {isa = PBXFileReference; lastKnownFileType = sourcecode.c.h; path = "BiologyVideoStreameriPad-Prefix.pch"; sourceTree = "<group>"; };
		7CDD3A6816F07BEF00114232 /* AVFoundation.framework */ = {isa = PBXFileReference; lastKnownFileType = wrapper.framework; name = AVFoundation.framework; path = System/Library/Frameworks/AVFoundation.framework; sourceTree = SDKROOT; };
		7CDD3A6A16F07BFF00114232 /* libsqlite3.dylib */ = {isa = PBXFileReference; lastKnownFileType = "compiled.mach-o.dylib"; name = libsqlite3.dylib; path = usr/lib/libsqlite3.dylib; sourceTree = SDKROOT; };
		7CDD3A6C16F07C0A00114232 /* CFNetwork.framework */ = {isa = PBXFileReference; lastKnownFileType = wrapper.framework; name = CFNetwork.framework; path = System/Library/Frameworks/CFNetwork.framework; sourceTree = SDKROOT; };
		7CDD3A6E16F07C1300114232 /* MessageUI.framework */ = {isa = PBXFileReference; lastKnownFileType = wrapper.framework; name = MessageUI.framework; path = System/Library/Frameworks/MessageUI.framework; sourceTree = SDKROOT; };
		7CDD3A7016F07C1B00114232 /* StoreKit.framework */ = {isa = PBXFileReference; lastKnownFileType = wrapper.framework; name = StoreKit.framework; path = System/Library/Frameworks/StoreKit.framework; sourceTree = SDKROOT; };
		7CDD3A7216F07C2A00114232 /* MediaPlayer.framework */ = {isa = PBXFileReference; lastKnownFileType = wrapper.framework; name = MediaPlayer.framework; path = System/Library/Frameworks/MediaPlayer.framework; sourceTree = SDKROOT; };
		7CDD3A7416F07C3700114232 /* SystemConfiguration.framework */ = {isa = PBXFileReference; lastKnownFileType = wrapper.framework; name = SystemConfiguration.framework; path = System/Library/Frameworks/SystemConfiguration.framework; sourceTree = SDKROOT; };
		7CDD3A7616F07C4100114232 /* Twitter.framework */ = {isa = PBXFileReference; lastKnownFileType = wrapper.framework; name = Twitter.framework; path = System/Library/Frameworks/Twitter.framework; sourceTree = SDKROOT; };
		7CDD3A7816F07CD200114232 /* Facebook.h */ = {isa = PBXFileReference; lastKnownFileType = sourcecode.c.h; path = Facebook.h; sourceTree = "<group>"; };
		7CDD3A7916F07CD200114232 /* FBConnect.h */ = {isa = PBXFileReference; lastKnownFileType = sourcecode.c.h; path = FBConnect.h; sourceTree = "<group>"; };
		7CDD3A7A16F07CD200114232 /* FBDialog.bundle */ = {isa = PBXFileReference; lastKnownFileType = "wrapper.plug-in"; path = FBDialog.bundle; sourceTree = "<group>"; };
		7CDD3A7B16F07CD200114232 /* FBDialog.h */ = {isa = PBXFileReference; lastKnownFileType = sourcecode.c.h; path = FBDialog.h; sourceTree = "<group>"; };
		7CDD3A7C16F07CD200114232 /* FBFrictionlessRequestSettings.h */ = {isa = PBXFileReference; lastKnownFileType = sourcecode.c.h; path = FBFrictionlessRequestSettings.h; sourceTree = "<group>"; };
		7CDD3A7D16F07CD200114232 /* FBLoginDialog.h */ = {isa = PBXFileReference; lastKnownFileType = sourcecode.c.h; path = FBLoginDialog.h; sourceTree = "<group>"; };
		7CDD3A7E16F07CD200114232 /* FBRequest.h */ = {isa = PBXFileReference; lastKnownFileType = sourcecode.c.h; path = FBRequest.h; sourceTree = "<group>"; };
		7CDD3A7F16F07CD200114232 /* JSON.h */ = {isa = PBXFileReference; lastKnownFileType = sourcecode.c.h; path = JSON.h; sourceTree = "<group>"; };
		7CDD3A8016F07CD200114232 /* libfacebook_ios_sdk.a */ = {isa = PBXFileReference; lastKnownFileType = archive.ar; path = libfacebook_ios_sdk.a; sourceTree = "<group>"; };
		7CDD3A8116F07CD200114232 /* NSObject+SBJSON.h */ = {isa = PBXFileReference; lastKnownFileType = sourcecode.c.h; path = "NSObject+SBJSON.h"; sourceTree = "<group>"; };
		7CDD3A8216F07CD200114232 /* NSString+SBJSON.h */ = {isa = PBXFileReference; lastKnownFileType = sourcecode.c.h; path = "NSString+SBJSON.h"; sourceTree = "<group>"; };
		7CDD3A8316F07CD200114232 /* SBJSON.h */ = {isa = PBXFileReference; lastKnownFileType = sourcecode.c.h; path = SBJSON.h; sourceTree = "<group>"; };
		7CDD3A8416F07CD200114232 /* SBJsonBase.h */ = {isa = PBXFileReference; lastKnownFileType = sourcecode.c.h; path = SBJsonBase.h; sourceTree = "<group>"; };
		7CDD3A8516F07CD200114232 /* SBJsonParser.h */ = {isa = PBXFileReference; lastKnownFileType = sourcecode.c.h; path = SBJsonParser.h; sourceTree = "<group>"; };
		7CDD3A8616F07CD200114232 /* SBJsonWriter.h */ = {isa = PBXFileReference; lastKnownFileType = sourcecode.c.h; path = SBJsonWriter.h; sourceTree = "<group>"; };
		7CDD3A8816F07D3F00114232 /* GANTracker.h */ = {isa = PBXFileReference; lastKnownFileType = sourcecode.c.h; path = GANTracker.h; sourceTree = "<group>"; };
		7CDD3A8916F07D3F00114232 /* libGoogleAnalytics.a */ = {isa = PBXFileReference; lastKnownFileType = archive.ar; path = libGoogleAnalytics.a; sourceTree = "<group>"; };
		7CDD3A8B16F07DBE00114232 /* ConfigObject.h */ = {isa = PBXFileReference; lastKnownFileType = sourcecode.c.h; path = ConfigObject.h; sourceTree = "<group>"; };
		7CDD3A8C16F07DBE00114232 /* ConfigObject.m */ = {isa = PBXFileReference; lastKnownFileType = sourcecode.c.objc; path = ConfigObject.m; sourceTree = "<group>"; };
		7CDD3A8D16F07DDF00114232 /* LearnersCloudSamplesVideos.h */ = {isa = PBXFileReference; lastKnownFileType = sourcecode.c.h; path = LearnersCloudSamplesVideos.h; sourceTree = "<group>"; };
		7CDD3A8E16F07DDF00114232 /* LearnersCloudSamplesVideos.m */ = {isa = PBXFileReference; lastKnownFileType = sourcecode.c.objc; path = LearnersCloudSamplesVideos.m; sourceTree = "<group>"; };
		7CDD3A8F16F07DDF00114232 /* AdminDashBoard.h */ = {isa = PBXFileReference; lastKnownFileType = sourcecode.c.h; path = AdminDashBoard.h; sourceTree = "<group>"; };
		7CDD3A9016F07DDF00114232 /* AdminDashBoard.m */ = {isa = PBXFileReference; lastKnownFileType = sourcecode.c.objc; path = AdminDashBoard.m; sourceTree = "<group>"; };
		7CDD3A9116F07DDF00114232 /* Report.h */ = {isa = PBXFileReference; lastKnownFileType = sourcecode.c.h; path = Report.h; sourceTree = "<group>"; };
		7CDD3A9216F07DDF00114232 /* Report.m */ = {isa = PBXFileReference; lastKnownFileType = sourcecode.c.objc; path = Report.m; sourceTree = "<group>"; };
		7CDD3A9316F07DDF00114232 /* Help.h */ = {isa = PBXFileReference; lastKnownFileType = sourcecode.c.h; path = Help.h; sourceTree = "<group>"; };
		7CDD3A9416F07DDF00114232 /* Help.m */ = {isa = PBXFileReference; lastKnownFileType = sourcecode.c.objc; path = Help.m; sourceTree = "<group>"; };
		7CDD3A9516F07DDF00114232 /* TermsAndConditions.h */ = {isa = PBXFileReference; lastKnownFileType = sourcecode.c.h; path = TermsAndConditions.h; sourceTree = "<group>"; };
		7CDD3A9616F07DDF00114232 /* TermsAndConditions.m */ = {isa = PBXFileReference; lastKnownFileType = sourcecode.c.objc; path = TermsAndConditions.m; sourceTree = "<group>"; };
		7CDD3A9716F07DDF00114232 /* HowtoUse.h */ = {isa = PBXFileReference; lastKnownFileType = sourcecode.c.h; path = HowtoUse.h; sourceTree = "<group>"; };
		7CDD3A9816F07DDF00114232 /* HowtoUse.m */ = {isa = PBXFileReference; lastKnownFileType = sourcecode.c.objc; path = HowtoUse.m; sourceTree = "<group>"; };
		7CDD3A9916F07DDF00114232 /* PopUpTableviewViewController.h */ = {isa = PBXFileReference; lastKnownFileType = sourcecode.c.h; path = PopUpTableviewViewController.h; sourceTree = "<group>"; };
		7CDD3A9A16F07DDF00114232 /* PopUpTableviewViewController.m */ = {isa = PBXFileReference; lastKnownFileType = sourcecode.c.objc; path = PopUpTableviewViewController.m; sourceTree = "<group>"; };
		7CDD3A9B16F07DDF00114232 /* Coverage.h */ = {isa = PBXFileReference; lastKnownFileType = sourcecode.c.h; path = Coverage.h; sourceTree = "<group>"; };
		7CDD3A9C16F07DDF00114232 /* Coverage.m */ = {isa = PBXFileReference; lastKnownFileType = sourcecode.c.objc; path = Coverage.m; sourceTree = "<group>"; };
		7CDD3A9D16F07DDF00114232 /* CoverageViewer.h */ = {isa = PBXFileReference; lastKnownFileType = sourcecode.c.h; path = CoverageViewer.h; sourceTree = "<group>"; };
		7CDD3A9E16F07DDF00114232 /* CoverageViewer.m */ = {isa = PBXFileReference; lastKnownFileType = sourcecode.c.objc; path = CoverageViewer.m; sourceTree = "<group>"; };
		7CDD3A9F16F07E3600114232 /* Start.h */ = {isa = PBXFileReference; lastKnownFileType = sourcecode.c.h; path = Start.h; sourceTree = "<group>"; };
		7CDD3AA016F07E3600114232 /* Start.m */ = {isa = PBXFileReference; lastKnownFileType = sourcecode.c.objc; path = Start.m; sourceTree = "<group>"; };
		7CDD3AA116F07E3600114232 /* FreeVideosClass.h */ = {isa = PBXFileReference; lastKnownFileType = sourcecode.c.h; path = FreeVideosClass.h; sourceTree = "<group>"; };
		7CDD3AA216F07E3600114232 /* FreeVideosClass.m */ = {isa = PBXFileReference; lastKnownFileType = sourcecode.c.objc; path = FreeVideosClass.m; sourceTree = "<group>"; };
		7CDD3AA316F07E3600114232 /* VideoPlayer.h */ = {isa = PBXFileReference; lastKnownFileType = sourcecode.c.h; path = VideoPlayer.h; sourceTree = "<group>"; };
		7CDD3AA416F07E3600114232 /* VideoPlayer.m */ = {isa = PBXFileReference; lastKnownFileType = sourcecode.c.objc; path = VideoPlayer.m; sourceTree = "<group>"; };
		7CDD3AA516F07E3600114232 /* Buy.h */ = {isa = PBXFileReference; lastKnownFileType = sourcecode.c.h; path = Buy.h; sourceTree = "<group>"; };
		7CDD3AA616F07E3600114232 /* Buy.m */ = {isa = PBXFileReference; lastKnownFileType = sourcecode.c.objc; path = Buy.m; sourceTree = "<group>"; };
		7CDD3AA716F07E3600114232 /* CustomStoreObserver.h */ = {isa = PBXFileReference; lastKnownFileType = sourcecode.c.h; path = CustomStoreObserver.h; sourceTree = "<group>"; };
		7CDD3AA816F07E3600114232 /* CustomStoreObserver.m */ = {isa = PBXFileReference; lastKnownFileType = sourcecode.c.objc; path = CustomStoreObserver.m; sourceTree = "<group>"; };
		7CDD3AA916F07E4C00114232 /* nav_btn_coverage_deselected.png */ = {isa = PBXFileReference; lastKnownFileType = image.png; path = nav_btn_coverage_deselected.png; sourceTree = "<group>"; };
		7CDD3AAA16F07E4C00114232 /* btn_videos_deselected.png */ = {isa = PBXFileReference; lastKnownFileType = image.png; path = btn_videos_deselected.png; sourceTree = "<group>"; };
		7CDD3AAB16F07E4C00114232 /* 60-signpost.png */ = {isa = PBXFileReference; lastKnownFileType = image.png; path = "60-signpost.png"; sourceTree = "<group>"; };
		7CDD3AAF16F07E8500114232 /* MainWindow.xib */ = {isa = PBXFileReference; lastKnownFileType = file.xib; path = MainWindow.xib; sourceTree = "<group>"; };
		7CDD3AB016F07E8500114232 /* TabBar.h */ = {isa = PBXFileReference; lastKnownFileType = sourcecode.c.h; path = TabBar.h; sourceTree = "<group>"; };
		7CDD3AB116F07E8500114232 /* TabBar.m */ = {isa = PBXFileReference; lastKnownFileType = sourcecode.c.objc; path = TabBar.m; sourceTree = "<group>"; };
		7CDD3AB216F07E8500114232 /* ActivityIndicator.h */ = {isa = PBXFileReference; lastKnownFileType = sourcecode.c.h; path = ActivityIndicator.h; sourceTree = "<group>"; };
		7CDD3AB316F07E8500114232 /* ActivityIndicator.m */ = {isa = PBXFileReference; lastKnownFileType = sourcecode.c.objc; path = ActivityIndicator.m; sourceTree = "<group>"; };
		7CDD3AB416F07E8500114232 /* UnderlinedButton.h */ = {isa = PBXFileReference; lastKnownFileType = sourcecode.c.h; path = UnderlinedButton.h; sourceTree = "<group>"; };
		7CDD3AB516F07E8500114232 /* UnderlinedButton.m */ = {isa = PBXFileReference; lastKnownFileType = sourcecode.c.objc; path = UnderlinedButton.m; sourceTree = "<group>"; };
		7CDD3AB616F07E8500114232 /* TransparentToolBar.h */ = {isa = PBXFileReference; lastKnownFileType = sourcecode.c.h; path = TransparentToolBar.h; sourceTree = "<group>"; };
		7CDD3AB716F07E8500114232 /* TransparentToolBar.m */ = {isa = PBXFileReference; lastKnownFileType = sourcecode.c.objc; path = TransparentToolBar.m; sourceTree = "<group>"; };
		7CDD3ABA16F07EC200114232 /* web_promo_btn.png */ = {isa = PBXFileReference; lastKnownFileType = image.png; path = web_promo_btn.png; sourceTree = "<group>"; };
		7CDD3ABB16F07EC200114232 /* buy_now.png */ = {isa = PBXFileReference; lastKnownFileType = image.png; path = buy_now.png; sourceTree = "<group>"; };
		7CDD3ABC16F07EC200114232 /* buy_now@2x.png */ = {isa = PBXFileReference; lastKnownFileType = image.png; path = "buy_now@2x.png"; sourceTree = "<group>"; };
		7CDD3ABD16F07EC200114232 /* free.png */ = {isa = PBXFileReference; lastKnownFileType = image.png; path = free.png; sourceTree = "<group>"; };
		7CDD3ABE16F07EC200114232 /* subscribe.png */ = {isa = PBXFileReference; lastKnownFileType = image.png; path = subscribe.png; sourceTree = "<group>"; };
		7CDD3ABF16F07EC200114232 /* Default-Landscape.png */ = {isa = PBXFileReference; lastKnownFileType = image.png; path = "Default-Landscape.png"; sourceTree = "<group>"; };
		7CDD3AC016F07EC200114232 /* Default-Portrait.png */ = {isa = PBXFileReference; lastKnownFileType = image.png; path = "Default-Portrait.png"; sourceTree = "<group>"; };
		7CDD3AC116F07EC200114232 /* Default-Portrait@2x.png */ = {isa = PBXFileReference; lastKnownFileType = image.png; path = "Default-Portrait@2x.png"; sourceTree = "<group>"; };
		7CDD3AC216F07EC200114232 /* Default-Landscape@2x.png */ = {isa = PBXFileReference; lastKnownFileType = image.png; path = "Default-Landscape@2x.png"; sourceTree = "<group>"; };
		7CDD3AC316F07EC200114232 /* Background.png */ = {isa = PBXFileReference; lastKnownFileType = image.png; path = Background.png; sourceTree = "<group>"; };
		7CDD3AC416F07EC200114232 /* Background@2x.png */ = {isa = PBXFileReference; lastKnownFileType = image.png; path = "Background@2x.png"; sourceTree = "<group>"; };
		7CDD3AC516F07EC200114232 /* header_bar.png */ = {isa = PBXFileReference; lastKnownFileType = image.png; path = header_bar.png; sourceTree = "<group>"; };
		7CDD3AC616F07EC200114232 /* share_intro.png */ = {isa = PBXFileReference; lastKnownFileType = image.png; path = share_intro.png; sourceTree = "<group>"; };
		7CDD3AC716F07EC200114232 /* share_intro@2x.png */ = {isa = PBXFileReference; lastKnownFileType = image.png; path = "share_intro@2x.png"; sourceTree = "<group>"; };
		7CDD3AC816F07EC200114232 /* divider_notifications.png */ = {isa = PBXFileReference; lastKnownFileType = image.png; path = divider_notifications.png; sourceTree = "<group>"; };
		7CDD3AC916F07EC200114232 /* divider_share.png */ = {isa = PBXFileReference; lastKnownFileType = image.png; path = divider_share.png; sourceTree = "<group>"; };
		7CDD3ACA16F07EC200114232 /* free_and_paid_videos.png */ = {isa = PBXFileReference; lastKnownFileType = image.png; path = free_and_paid_videos.png; sourceTree = "<group>"; };
		7CDD3AD316F07EC200114232 /* icon_email_to_friend.png */ = {isa = PBXFileReference; lastKnownFileType = image.png; path = icon_email_to_friend.png; sourceTree = "<group>"; };
		7CDD3AD416F07EC200114232 /* icon_like_on_facebook.png */ = {isa = PBXFileReference; lastKnownFileType = image.png; path = icon_like_on_facebook.png; sourceTree = "<group>"; };
		7CDD3AD516F07EC200114232 /* icon_share_on_twitter.png */ = {isa = PBXFileReference; lastKnownFileType = image.png; path = icon_share_on_twitter.png; sourceTree = "<group>"; };
		7CDD3AD616F07EC200114232 /* icon_follow_on_twitter.png */ = {isa = PBXFileReference; lastKnownFileType = image.png; path = icon_follow_on_twitter.png; sourceTree = "<group>"; };
		7CDD3AD716F07EC200114232 /* icon_share_on_facebook.png */ = {isa = PBXFileReference; lastKnownFileType = image.png; path = icon_share_on_facebook.png; sourceTree = "<group>"; };
		7CDD3AF816F07F0300114232 /* Reachability.h */ = {isa = PBXFileReference; lastKnownFileType = sourcecode.c.h; path = Reachability.h; sourceTree = "<group>"; };
		7CDD3AF916F07F0300114232 /* Reachability.m */ = {isa = PBXFileReference; lastKnownFileType = sourcecode.c.objc; path = Reachability.m; sourceTree = "<group>"; };
		7CDD3B0E16F080C200114232 /* AppDelegate.h */ = {isa = PBXFileReference; lastKnownFileType = sourcecode.c.h; path = AppDelegate.h; sourceTree = "<group>"; };
		7CDD3B0F16F080C200114232 /* AppDelegate.m */ = {isa = PBXFileReference; lastKnownFileType = sourcecode.c.objc; path = AppDelegate.m; sourceTree = "<group>"; };
		7CDD3B1216F0A2DF00114232 /* website_promo.png */ = {isa = PBXFileReference; lastKnownFileType = image.png; path = website_promo.png; sourceTree = "<group>"; };
		7CDD3B1316F0A2DF00114232 /* website_promo@2x.png */ = {isa = PBXFileReference; lastKnownFileType = image.png; path = "website_promo@2x.png"; sourceTree = "<group>"; };
		7CDD3B1616F0A42300114232 /* TV_biology_header.png */ = {isa = PBXFileReference; lastKnownFileType = image.png; path = TV_biology_header.png; sourceTree = "<group>"; };
		7CDD3B1816F0B98700114232 /* hero_biology.png */ = {isa = PBXFileReference; lastKnownFileType = image.png; path = hero_biology.png; sourceTree = "<group>"; };
		7CDD3B1916F0B98700114232 /* hero_biology@2x.png */ = {isa = PBXFileReference; lastKnownFileType = image.png; path = "hero_biology@2x.png"; sourceTree = "<group>"; };
		7CDD3B1C16F0BABB00114232 /* Icon-72.png */ = {isa = PBXFileReference; lastKnownFileType = image.png; path = "Icon-72.png"; sourceTree = "<group>"; };
		7CDD3B1D16F0BABB00114232 /* Icon-72@2x.png */ = {isa = PBXFileReference; lastKnownFileType = image.png; path = "Icon-72@2x.png"; sourceTree = "<group>"; };
		7CDD3B1E16F0BABB00114232 /* Icon-Small-50.png */ = {isa = PBXFileReference; lastKnownFileType = image.png; path = "Icon-Small-50.png"; sourceTree = "<group>"; };
		7CDD3B1F16F0BABB00114232 /* Icon-Small-50@2x.png */ = {isa = PBXFileReference; lastKnownFileType = image.png; path = "Icon-Small-50@2x.png"; sourceTree = "<group>"; };
		7CDD3B2416F0E55100114232 /* 1.png */ = {isa = PBXFileReference; lastKnownFileType = image.png; path = 1.png; sourceTree = "<group>"; };
		7CDD3B2516F0E55100114232 /* 2.png */ = {isa = PBXFileReference; lastKnownFileType = image.png; path = 2.png; sourceTree = "<group>"; };
		7CDD3B2616F0E55100114232 /* 3.png */ = {isa = PBXFileReference; lastKnownFileType = image.png; path = 3.png; sourceTree = "<group>"; };
		7CDD3B2716F0E55100114232 /* 4.png */ = {isa = PBXFileReference; lastKnownFileType = image.png; path = 4.png; sourceTree = "<group>"; };
		7CDD3B2816F0E55100114232 /* 5.png */ = {isa = PBXFileReference; lastKnownFileType = image.png; path = 5.png; sourceTree = "<group>"; };
		7CDD3B2916F0E55100114232 /* 6.png */ = {isa = PBXFileReference; lastKnownFileType = image.png; path = 6.png; sourceTree = "<group>"; };
		7CDD3B2A16F0E55100114232 /* 7.png */ = {isa = PBXFileReference; lastKnownFileType = image.png; path = 7.png; sourceTree = "<group>"; };
		7CDD3B2B16F0E55100114232 /* 8.png */ = {isa = PBXFileReference; lastKnownFileType = image.png; path = 8.png; sourceTree = "<group>"; };
		7CDD3B2C16F0E55100114232 /* 9.png */ = {isa = PBXFileReference; lastKnownFileType = image.png; path = 9.png; sourceTree = "<group>"; };
		7CDD3B2D16F0E55100114232 /* 10.png */ = {isa = PBXFileReference; lastKnownFileType = image.png; path = 10.png; sourceTree = "<group>"; };
		7CDD3B3816F0E91D00114232 /* 11.png */ = {isa = PBXFileReference; lastKnownFileType = image.png; path = 11.png; sourceTree = "<group>"; };
		7CDD3B3916F0E91D00114232 /* 12.png */ = {isa = PBXFileReference; lastKnownFileType = image.png; path = 12.png; sourceTree = "<group>"; };
		7CDD3B3A16F0E91D00114232 /* 13.png */ = {isa = PBXFileReference; lastKnownFileType = image.png; path = 13.png; sourceTree = "<group>"; };
		7CDD3B3B16F0E91D00114232 /* 14.png */ = {isa = PBXFileReference; lastKnownFileType = image.png; path = 14.png; sourceTree = "<group>"; };
		7CDD3B3C16F0E91D00114232 /* 15.png */ = {isa = PBXFileReference; lastKnownFileType = image.png; path = 15.png; sourceTree = "<group>"; };
		7CDD3B3D16F0E91D00114232 /* 16.png */ = {isa = PBXFileReference; lastKnownFileType = image.png; path = 16.png; sourceTree = "<group>"; };
		7CDD3B3E16F0E91D00114232 /* 17.png */ = {isa = PBXFileReference; lastKnownFileType = image.png; path = 17.png; sourceTree = "<group>"; };
		7CDD3B3F16F0E91D00114232 /* 18.png */ = {isa = PBXFileReference; lastKnownFileType = image.png; path = 18.png; sourceTree = "<group>"; };
		7CDD3B4016F0E91D00114232 /* 19.png */ = {isa = PBXFileReference; lastKnownFileType = image.png; path = 19.png; sourceTree = "<group>"; };
		7CDD3B4116F0E91D00114232 /* 20.png */ = {isa = PBXFileReference; lastKnownFileType = image.png; path = 20.png; sourceTree = "<group>"; };
		7CDD3B4C16F0EB9900114232 /* 21.png */ = {isa = PBXFileReference; lastKnownFileType = image.png; path = 21.png; sourceTree = "<group>"; };
		7CDD3B4D16F0EB9900114232 /* 22.png */ = {isa = PBXFileReference; lastKnownFileType = image.png; path = 22.png; sourceTree = "<group>"; };
		7CDD3B4E16F0EB9900114232 /* 23.png */ = {isa = PBXFileReference; lastKnownFileType = image.png; path = 23.png; sourceTree = "<group>"; };
		7CDD3B4F16F0EB9900114232 /* 24.png */ = {isa = PBXFileReference; lastKnownFileType = image.png; path = 24.png; sourceTree = "<group>"; };
		7CDD3B5016F0EB9900114232 /* 25.png */ = {isa = PBXFileReference; lastKnownFileType = image.png; path = 25.png; sourceTree = "<group>"; };
		7CDD3B5116F0EB9900114232 /* 26.png */ = {isa = PBXFileReference; lastKnownFileType = image.png; path = 26.png; sourceTree = "<group>"; };
		7CDD3B5216F0EB9900114232 /* 27.png */ = {isa = PBXFileReference; lastKnownFileType = image.png; path = 27.png; sourceTree = "<group>"; };
		7CDD3B5316F0EB9900114232 /* 28.png */ = {isa = PBXFileReference; lastKnownFileType = image.png; path = 28.png; sourceTree = "<group>"; };
		7CDD3B5416F0EB9900114232 /* 29.png */ = {isa = PBXFileReference; lastKnownFileType = image.png; path = 29.png; sourceTree = "<group>"; };
		7CDD3B5516F0EB9900114232 /* 30.png */ = {isa = PBXFileReference; lastKnownFileType = image.png; path = 30.png; sourceTree = "<group>"; };
		7CDD3B5616F0EB9900114232 /* 31.png */ = {isa = PBXFileReference; lastKnownFileType = image.png; path = 31.png; sourceTree = "<group>"; };
		7CDD3B6216F0EF8500114232 /* 32.png */ = {isa = PBXFileReference; lastKnownFileType = image.png; path = 32.png; sourceTree = "<group>"; };
		7CDD3B6316F0EF8500114232 /* 33.png */ = {isa = PBXFileReference; lastKnownFileType = image.png; path = 33.png; sourceTree = "<group>"; };
		7CDD3B6416F0EF8500114232 /* 34.png */ = {isa = PBXFileReference; lastKnownFileType = image.png; path = 34.png; sourceTree = "<group>"; };
		7CDD3B6516F0EF8500114232 /* 35.png */ = {isa = PBXFileReference; lastKnownFileType = image.png; path = 35.png; sourceTree = "<group>"; };
		7CDD3B6616F0EF8500114232 /* 36.png */ = {isa = PBXFileReference; lastKnownFileType = image.png; path = 36.png; sourceTree = "<group>"; };
		7CDD3B6716F0EF8500114232 /* 37.png */ = {isa = PBXFileReference; lastKnownFileType = image.png; path = 37.png; sourceTree = "<group>"; };
		7CDD3B6816F0EF8500114232 /* 38.png */ = {isa = PBXFileReference; lastKnownFileType = image.png; path = 38.png; sourceTree = "<group>"; };
		7CDD3B6916F0EF8500114232 /* 39.png */ = {isa = PBXFileReference; lastKnownFileType = image.png; path = 39.png; sourceTree = "<group>"; };
		7CDD3B6A16F0EF8500114232 /* 40.png */ = {isa = PBXFileReference; lastKnownFileType = image.png; path = 40.png; sourceTree = "<group>"; };
		7CDD3B7416F1CB0C00114232 /* 41.png */ = {isa = PBXFileReference; lastKnownFileType = image.png; path = 41.png; sourceTree = "<group>"; };
		7CDD3B7516F1CB0D00114232 /* 42.png */ = {isa = PBXFileReference; lastKnownFileType = image.png; path = 42.png; sourceTree = "<group>"; };
		7CDD3B7616F1CB0D00114232 /* 43.png */ = {isa = PBXFileReference; lastKnownFileType = image.png; path = 43.png; sourceTree = "<group>"; };
		7CDD3B7716F1CB0E00114232 /* 44.png */ = {isa = PBXFileReference; lastKnownFileType = image.png; path = 44.png; sourceTree = "<group>"; };
		7CDD3B7816F1CB0E00114232 /* 45.png */ = {isa = PBXFileReference; lastKnownFileType = image.png; path = 45.png; sourceTree = "<group>"; };
		7CDD3B7916F1CB0F00114232 /* 46.png */ = {isa = PBXFileReference; lastKnownFileType = image.png; path = 46.png; sourceTree = "<group>"; };
		7CDD3B7A16F1CB1000114232 /* 47.png */ = {isa = PBXFileReference; lastKnownFileType = image.png; path = 47.png; sourceTree = "<group>"; };
		7CDD3B7B16F1CB1000114232 /* 48.png */ = {isa = PBXFileReference; lastKnownFileType = image.png; path = 48.png; sourceTree = "<group>"; };
		7CDD3B7C16F1CB1000114232 /* 49.png */ = {isa = PBXFileReference; lastKnownFileType = image.png; path = 49.png; sourceTree = "<group>"; };
		7CDD3B7D16F1CB1000114232 /* 50.png */ = {isa = PBXFileReference; lastKnownFileType = image.png; path = 50.png; sourceTree = "<group>"; };
		7CDD3B7E16F1CB1200114232 /* 51.png */ = {isa = PBXFileReference; lastKnownFileType = image.png; path = 51.png; sourceTree = "<group>"; };
		7CDD3B7F16F1CB1200114232 /* 52.png */ = {isa = PBXFileReference; lastKnownFileType = image.png; path = 52.png; sourceTree = "<group>"; };
		7CDD3B8016F1CB1200114232 /* 53.png */ = {isa = PBXFileReference; lastKnownFileType = image.png; path = 53.png; sourceTree = "<group>"; };
		7CDD3B8116F1CB1200114232 /* 54.png */ = {isa = PBXFileReference; lastKnownFileType = image.png; path = 54.png; sourceTree = "<group>"; };
		7CDD3B8216F1CB1300114232 /* 55.png */ = {isa = PBXFileReference; lastKnownFileType = image.png; path = 55.png; sourceTree = "<group>"; };
		7CDD3B8316F1CB1300114232 /* 56.png */ = {isa = PBXFileReference; lastKnownFileType = image.png; path = 56.png; sourceTree = "<group>"; };
		7CDD3B8416F1CB1300114232 /* 57.png */ = {isa = PBXFileReference; lastKnownFileType = image.png; path = 57.png; sourceTree = "<group>"; };
		7CDD3B8516F1CB1300114232 /* 58.png */ = {isa = PBXFileReference; lastKnownFileType = image.png; path = 58.png; sourceTree = "<group>"; };
		7CDD3B8616F1CB1300114232 /* 59.png */ = {isa = PBXFileReference; lastKnownFileType = image.png; path = 59.png; sourceTree = "<group>"; };
		7CDD3B8716F1CB1300114232 /* 60.png */ = {isa = PBXFileReference; lastKnownFileType = image.png; path = 60.png; sourceTree = "<group>"; };
		7CDD3B8816F1CB1400114232 /* 61.png */ = {isa = PBXFileReference; lastKnownFileType = image.png; path = 61.png; sourceTree = "<group>"; };
		7CDD3B8916F1CB1700114232 /* 62.png */ = {isa = PBXFileReference; lastKnownFileType = image.png; path = 62.png; sourceTree = "<group>"; };
		7CDD3B8A16F1CB1700114232 /* 63.png */ = {isa = PBXFileReference; lastKnownFileType = image.png; path = 63.png; sourceTree = "<group>"; };
		7CDD3B8B16F1CB1700114232 /* 64.png */ = {isa = PBXFileReference; lastKnownFileType = image.png; path = 64.png; sourceTree = "<group>"; };
		7CDD3B8C16F1CB1800114232 /* 65.png */ = {isa = PBXFileReference; lastKnownFileType = image.png; path = 65.png; sourceTree = "<group>"; };
		7CDD3B8D16F1CB1800114232 /* 66.png */ = {isa = PBXFileReference; lastKnownFileType = image.png; path = 66.png; sourceTree = "<group>"; };
		7CDD3B8E16F1CB1800114232 /* 67.png */ = {isa = PBXFileReference; lastKnownFileType = image.png; path = 67.png; sourceTree = "<group>"; };
		7CDD3BAA16F1CEEF00114232 /* 68.png */ = {isa = PBXFileReference; lastKnownFileType = image.png; path = 68.png; sourceTree = "<group>"; };
		7CDD3BAB16F1CEF200114232 /* 69.png */ = {isa = PBXFileReference; lastKnownFileType = image.png; path = 69.png; sourceTree = "<group>"; };
		7CDD3BAC16F1CEF500114232 /* 70.png */ = {isa = PBXFileReference; lastKnownFileType = image.png; path = 70.png; sourceTree = "<group>"; };
		7CDD3BAD16F1CEF900114232 /* 71.png */ = {isa = PBXFileReference; lastKnownFileType = image.png; path = 71.png; sourceTree = "<group>"; };
		7CDD3BAE16F1CEFC00114232 /* 72.png */ = {isa = PBXFileReference; lastKnownFileType = image.png; path = 72.png; sourceTree = "<group>"; };
		7CDD3BAF16F1CEFF00114232 /* 73.png */ = {isa = PBXFileReference; lastKnownFileType = image.png; path = 73.png; sourceTree = "<group>"; };
		7CDD3BB016F1CF0200114232 /* 74.png */ = {isa = PBXFileReference; lastKnownFileType = image.png; path = 74.png; sourceTree = "<group>"; };
		7CDD3BB116F1CF0500114232 /* 75.png */ = {isa = PBXFileReference; lastKnownFileType = image.png; path = 75.png; sourceTree = "<group>"; };
		7CEA7D1616FC7C0200DB5C0B /* LearnersCloudTermsonapps.pdf */ = {isa = PBXFileReference; lastKnownFileType = image.pdf; path = LearnersCloudTermsonapps.pdf; sourceTree = "<group>"; };
		7CEA7D1716FC7C0200DB5C0B /* HowtouseVideoStreamer.pdf */ = {isa = PBXFileReference; lastKnownFileType = image.pdf; path = HowtouseVideoStreamer.pdf; sourceTree = "<group>"; };
/* End PBXFileReference section */

/* Begin PBXFrameworksBuildPhase section */
		7CDD3A2816F07AC000114232 /* Frameworks */ = {
			isa = PBXFrameworksBuildPhase;
			buildActionMask = 2147483647;
			files = (
				7CDD3A8A16F07D5300114232 /* libGoogleAnalytics.a in Frameworks */,
				7CDD3A8716F07D1800114232 /* libfacebook_ios_sdk.a in Frameworks */,
				7CDD3A7716F07C4100114232 /* Twitter.framework in Frameworks */,
				7CDD3A7516F07C3700114232 /* SystemConfiguration.framework in Frameworks */,
				7CDD3A7316F07C2A00114232 /* MediaPlayer.framework in Frameworks */,
				7CDD3A7116F07C1B00114232 /* StoreKit.framework in Frameworks */,
				7CDD3A6F16F07C1300114232 /* MessageUI.framework in Frameworks */,
				7CDD3A6D16F07C0A00114232 /* CFNetwork.framework in Frameworks */,
				7CDD3A6B16F07BFF00114232 /* libsqlite3.dylib in Frameworks */,
				7CDD3A6916F07BEF00114232 /* AVFoundation.framework in Frameworks */,
				7CDD3A2F16F07AC000114232 /* UIKit.framework in Frameworks */,
				7CDD3A3116F07AC000114232 /* Foundation.framework in Frameworks */,
				7CDD3A3316F07AC000114232 /* CoreGraphics.framework in Frameworks */,
			);
			runOnlyForDeploymentPostprocessing = 0;
		};
/* End PBXFrameworksBuildPhase section */

/* Begin PBXGroup section */
		7CDD3A2216F07AC000114232 = {
			isa = PBXGroup;
			children = (
				7CDD3A6716F07BAC00114232 /* Files */,
				7CDD3A6616F07B9700114232 /* facebook-ios-sdk */,
				7CDD3A6516F07B8900114232 /* Analytics */,
				7CDD3A6416F07B7700114232 /* VideoImages */,
				7CDD3A6316F07B6A00114232 /* Data Models */,
				7CDD3A6216F07B6000114232 /* Classes */,
				7CDD3A6116F07B4E00114232 /* ClientSideClasses */,
				7CDD3A6016F07B4000114232 /* Icons */,
				7CDD3A5F16F07B0D00114232 /* Resources */,
				7CDD3A3416F07AC000114232 /* Main Window */,
				7CDD3A2D16F07AC000114232 /* Frameworks */,
				7CDD3A2C16F07AC000114232 /* Products */,
			);
			sourceTree = "<group>";
		};
		7CDD3A2C16F07AC000114232 /* Products */ = {
			isa = PBXGroup;
			children = (
				7CDD3A2B16F07AC000114232 /* GCSE.app */,
			);
			name = Products;
			sourceTree = "<group>";
		};
		7CDD3A2D16F07AC000114232 /* Frameworks */ = {
			isa = PBXGroup;
			children = (
				7CDD3AF816F07F0300114232 /* Reachability.h */,
				7CDD3AF916F07F0300114232 /* Reachability.m */,
				7CDD3A7616F07C4100114232 /* Twitter.framework */,
				7CDD3A7416F07C3700114232 /* SystemConfiguration.framework */,
				7CDD3A7216F07C2A00114232 /* MediaPlayer.framework */,
				7CDD3A7016F07C1B00114232 /* StoreKit.framework */,
				7CDD3A6E16F07C1300114232 /* MessageUI.framework */,
				7CDD3A6C16F07C0A00114232 /* CFNetwork.framework */,
				7CDD3A6A16F07BFF00114232 /* libsqlite3.dylib */,
				7CDD3A6816F07BEF00114232 /* AVFoundation.framework */,
				7CDD3A2E16F07AC000114232 /* UIKit.framework */,
				7CDD3A3016F07AC000114232 /* Foundation.framework */,
				7CDD3A3216F07AC000114232 /* CoreGraphics.framework */,
			);
			name = Frameworks;
			sourceTree = "<group>";
		};
		7CDD3A3416F07AC000114232 /* Main Window */ = {
			isa = PBXGroup;
			children = (
				7CDD3B0E16F080C200114232 /* AppDelegate.h */,
				7CDD3B0F16F080C200114232 /* AppDelegate.m */,
				7CDD3AAF16F07E8500114232 /* MainWindow.xib */,
				7CDD3AB016F07E8500114232 /* TabBar.h */,
				7CDD3AB116F07E8500114232 /* TabBar.m */,
				7CDD3AB216F07E8500114232 /* ActivityIndicator.h */,
				7CDD3AB316F07E8500114232 /* ActivityIndicator.m */,
				7CDD3AB416F07E8500114232 /* UnderlinedButton.h */,
				7CDD3AB516F07E8500114232 /* UnderlinedButton.m */,
				7CDD3AB616F07E8500114232 /* TransparentToolBar.h */,
				7CDD3AB716F07E8500114232 /* TransparentToolBar.m */,
				7CDD3A3516F07AC000114232 /* Supporting Files */,
			);
			name = "Main Window";
			path = BiologyVideoStreameriPad;
			sourceTree = "<group>";
		};
		7CDD3A3516F07AC000114232 /* Supporting Files */ = {
			isa = PBXGroup;
			children = (
				7CDD3A3616F07AC000114232 /* BiologyVideoStreameriPad-Info.plist */,
				7CDD3A3716F07AC000114232 /* InfoPlist.strings */,
				7CDD3A3A16F07AC000114232 /* main.m */,
				7CDD3A3C16F07AC000114232 /* BiologyVideoStreameriPad-Prefix.pch */,
			);
			name = "Supporting Files";
			sourceTree = "<group>";
		};
		7CDD3A5F16F07B0D00114232 /* Resources */ = {
			isa = PBXGroup;
			children = (
				7CDD3B1216F0A2DF00114232 /* website_promo.png */,
				7CDD3B1316F0A2DF00114232 /* website_promo@2x.png */,
				7CDD3ABA16F07EC200114232 /* web_promo_btn.png */,
				7CDD3ABB16F07EC200114232 /* buy_now.png */,
				7CDD3ABC16F07EC200114232 /* buy_now@2x.png */,
				7CDD3ABD16F07EC200114232 /* free.png */,
				7CDD3ABE16F07EC200114232 /* subscribe.png */,
				7CDD3ABF16F07EC200114232 /* Default-Landscape.png */,
				7CDD3AC016F07EC200114232 /* Default-Portrait.png */,
				7CDD3AC116F07EC200114232 /* Default-Portrait@2x.png */,
				7CDD3AC216F07EC200114232 /* Default-Landscape@2x.png */,
				7CDD3AC316F07EC200114232 /* Background.png */,
				7CDD3AC416F07EC200114232 /* Background@2x.png */,
				7CDD3AC516F07EC200114232 /* header_bar.png */,
				7CDD3AC616F07EC200114232 /* share_intro.png */,
				7CDD3AC716F07EC200114232 /* share_intro@2x.png */,
				7CDD3AC816F07EC200114232 /* divider_notifications.png */,
				7CDD3AC916F07EC200114232 /* divider_share.png */,
				7CDD3ACA16F07EC200114232 /* free_and_paid_videos.png */,
				7CDD3B1616F0A42300114232 /* TV_biology_header.png */,
				7CDD3B1816F0B98700114232 /* hero_biology.png */,
				7CDD3B1916F0B98700114232 /* hero_biology@2x.png */,
				7CDD3B1C16F0BABB00114232 /* Icon-72.png */,
				7CDD3B1D16F0BABB00114232 /* Icon-72@2x.png */,
				7CDD3B1E16F0BABB00114232 /* Icon-Small-50.png */,
				7CDD3B1F16F0BABB00114232 /* Icon-Small-50@2x.png */,
				7CDD3AD316F07EC200114232 /* icon_email_to_friend.png */,
				7CDD3AD416F07EC200114232 /* icon_like_on_facebook.png */,
				7CDD3AD516F07EC200114232 /* icon_share_on_twitter.png */,
				7CDD3AD616F07EC200114232 /* icon_follow_on_twitter.png */,
				7CDD3AD716F07EC200114232 /* icon_share_on_facebook.png */,
			);
			name = Resources;
			sourceTree = "<group>";
		};
		7CDD3A6016F07B4000114232 /* Icons */ = {
			isa = PBXGroup;
			children = (
				7CDD3AA916F07E4C00114232 /* nav_btn_coverage_deselected.png */,
				7CDD3AAA16F07E4C00114232 /* btn_videos_deselected.png */,
				7CDD3AAB16F07E4C00114232 /* 60-signpost.png */,
			);
			name = Icons;
			sourceTree = "<group>";
		};
		7CDD3A6116F07B4E00114232 /* ClientSideClasses */ = {
			isa = PBXGroup;
			children = (
				7CDD3A9F16F07E3600114232 /* Start.h */,
				7CDD3AA016F07E3600114232 /* Start.m */,
				7CDD3AA116F07E3600114232 /* FreeVideosClass.h */,
				7CDD3AA216F07E3600114232 /* FreeVideosClass.m */,
				7CDD3AA316F07E3600114232 /* VideoPlayer.h */,
				7CDD3AA416F07E3600114232 /* VideoPlayer.m */,
				7CDD3AA516F07E3600114232 /* Buy.h */,
				7CDD3AA616F07E3600114232 /* Buy.m */,
				7CDD3AA716F07E3600114232 /* CustomStoreObserver.h */,
				7CDD3AA816F07E3600114232 /* CustomStoreObserver.m */,
			);
			name = ClientSideClasses;
			sourceTree = "<group>";
		};
		7CDD3A6216F07B6000114232 /* Classes */ = {
			isa = PBXGroup;
			children = (
				7CDD3A8D16F07DDF00114232 /* LearnersCloudSamplesVideos.h */,
				7CDD3A8E16F07DDF00114232 /* LearnersCloudSamplesVideos.m */,
				7CDD3A8F16F07DDF00114232 /* AdminDashBoard.h */,
				7CDD3A9016F07DDF00114232 /* AdminDashBoard.m */,
				7CDD3A9116F07DDF00114232 /* Report.h */,
				7CDD3A9216F07DDF00114232 /* Report.m */,
				7CDD3A9316F07DDF00114232 /* Help.h */,
				7CDD3A9416F07DDF00114232 /* Help.m */,
				7CDD3A9516F07DDF00114232 /* TermsAndConditions.h */,
				7CDD3A9616F07DDF00114232 /* TermsAndConditions.m */,
				7CDD3A9716F07DDF00114232 /* HowtoUse.h */,
				7CDD3A9816F07DDF00114232 /* HowtoUse.m */,
				7CDD3A9916F07DDF00114232 /* PopUpTableviewViewController.h */,
				7CDD3A9A16F07DDF00114232 /* PopUpTableviewViewController.m */,
				7CDD3A9B16F07DDF00114232 /* Coverage.h */,
				7CDD3A9C16F07DDF00114232 /* Coverage.m */,
				7CDD3A9D16F07DDF00114232 /* CoverageViewer.h */,
				7CDD3A9E16F07DDF00114232 /* CoverageViewer.m */,
			);
			name = Classes;
			sourceTree = "<group>";
		};
		7CDD3A6316F07B6A00114232 /* Data Models */ = {
			isa = PBXGroup;
			children = (
				7CDD3A8B16F07DBE00114232 /* ConfigObject.h */,
				7CDD3A8C16F07DBE00114232 /* ConfigObject.m */,
			);
			name = "Data Models";
			sourceTree = "<group>";
		};
		7CDD3A6416F07B7700114232 /* VideoImages */ = {
			isa = PBXGroup;
			children = (
				7CDD3B2416F0E55100114232 /* 1.png */,
				7CDD3B2516F0E55100114232 /* 2.png */,
				7CDD3B2616F0E55100114232 /* 3.png */,
				7CDD3B2716F0E55100114232 /* 4.png */,
				7CDD3B2816F0E55100114232 /* 5.png */,
				7CDD3B2916F0E55100114232 /* 6.png */,
				7CDD3B2A16F0E55100114232 /* 7.png */,
				7CDD3B2B16F0E55100114232 /* 8.png */,
				7CDD3B2C16F0E55100114232 /* 9.png */,
				7CDD3B2D16F0E55100114232 /* 10.png */,
				7CDD3B3816F0E91D00114232 /* 11.png */,
				7CDD3B3916F0E91D00114232 /* 12.png */,
				7CDD3B3A16F0E91D00114232 /* 13.png */,
				7CDD3B3B16F0E91D00114232 /* 14.png */,
				7CDD3B3C16F0E91D00114232 /* 15.png */,
				7CDD3B3D16F0E91D00114232 /* 16.png */,
				7CDD3B3E16F0E91D00114232 /* 17.png */,
				7CDD3B3F16F0E91D00114232 /* 18.png */,
				7CDD3B4016F0E91D00114232 /* 19.png */,
				7CDD3B4116F0E91D00114232 /* 20.png */,
				7CDD3B4C16F0EB9900114232 /* 21.png */,
				7CDD3B4D16F0EB9900114232 /* 22.png */,
				7CDD3B4E16F0EB9900114232 /* 23.png */,
				7CDD3B4F16F0EB9900114232 /* 24.png */,
				7CDD3B5016F0EB9900114232 /* 25.png */,
				7CDD3B5116F0EB9900114232 /* 26.png */,
				7CDD3B5216F0EB9900114232 /* 27.png */,
				7CDD3B5316F0EB9900114232 /* 28.png */,
				7CDD3B5416F0EB9900114232 /* 29.png */,
				7CDD3B5516F0EB9900114232 /* 30.png */,
				7CDD3B5616F0EB9900114232 /* 31.png */,
				7CDD3B6216F0EF8500114232 /* 32.png */,
				7CDD3B6316F0EF8500114232 /* 33.png */,
				7CDD3B6416F0EF8500114232 /* 34.png */,
				7CDD3B6516F0EF8500114232 /* 35.png */,
				7CDD3B6616F0EF8500114232 /* 36.png */,
				7CDD3B6716F0EF8500114232 /* 37.png */,
				7CDD3B6816F0EF8500114232 /* 38.png */,
				7CDD3B6916F0EF8500114232 /* 39.png */,
				7CDD3B6A16F0EF8500114232 /* 40.png */,
				7CDD3B7416F1CB0C00114232 /* 41.png */,
				7CDD3B7516F1CB0D00114232 /* 42.png */,
				7CDD3B7616F1CB0D00114232 /* 43.png */,
				7CDD3B7716F1CB0E00114232 /* 44.png */,
				7CDD3B7816F1CB0E00114232 /* 45.png */,
				7CDD3B7916F1CB0F00114232 /* 46.png */,
				7CDD3B7A16F1CB1000114232 /* 47.png */,
				7CDD3B7B16F1CB1000114232 /* 48.png */,
				7CDD3B7C16F1CB1000114232 /* 49.png */,
				7CDD3B7D16F1CB1000114232 /* 50.png */,
				7CDD3B7E16F1CB1200114232 /* 51.png */,
				7CDD3B7F16F1CB1200114232 /* 52.png */,
				7CDD3B8016F1CB1200114232 /* 53.png */,
				7CDD3B8116F1CB1200114232 /* 54.png */,
				7CDD3B8216F1CB1300114232 /* 55.png */,
				7CDD3B8316F1CB1300114232 /* 56.png */,
				7CDD3B8416F1CB1300114232 /* 57.png */,
				7CDD3B8516F1CB1300114232 /* 58.png */,
				7CDD3B8616F1CB1300114232 /* 59.png */,
				7CDD3B8716F1CB1300114232 /* 60.png */,
				7CDD3B8816F1CB1400114232 /* 61.png */,
				7CDD3B8916F1CB1700114232 /* 62.png */,
				7CDD3B8A16F1CB1700114232 /* 63.png */,
				7CDD3B8B16F1CB1700114232 /* 64.png */,
				7CDD3B8C16F1CB1800114232 /* 65.png */,
				7CDD3B8D16F1CB1800114232 /* 66.png */,
				7CDD3B8E16F1CB1800114232 /* 67.png */,
				7CDD3BAA16F1CEEF00114232 /* 68.png */,
				7CDD3BAB16F1CEF200114232 /* 69.png */,
				7CDD3BAC16F1CEF500114232 /* 70.png */,
				7CDD3BAD16F1CEF900114232 /* 71.png */,
				7CDD3BAE16F1CEFC00114232 /* 72.png */,
				7CDD3BAF16F1CEFF00114232 /* 73.png */,
				7CDD3BB016F1CF0200114232 /* 74.png */,
				7CDD3BB116F1CF0500114232 /* 75.png */,
				7CEA7D1616FC7C0200DB5C0B /* LearnersCloudTermsonapps.pdf */,
				7CEA7D1716FC7C0200DB5C0B /* HowtouseVideoStreamer.pdf */,
			);
			name = VideoImages;
			sourceTree = "<group>";
		};
		7CDD3A6516F07B8900114232 /* Analytics */ = {
			isa = PBXGroup;
			children = (
				7CDD3A8816F07D3F00114232 /* GANTracker.h */,
				7CDD3A8916F07D3F00114232 /* libGoogleAnalytics.a */,
			);
			name = Analytics;
			sourceTree = "<group>";
		};
		7CDD3A6616F07B9700114232 /* facebook-ios-sdk */ = {
			isa = PBXGroup;
			children = (
				7CDD3A7816F07CD200114232 /* Facebook.h */,
				7CDD3A7916F07CD200114232 /* FBConnect.h */,
				7CDD3A7A16F07CD200114232 /* FBDialog.bundle */,
				7CDD3A7B16F07CD200114232 /* FBDialog.h */,
				7CDD3A7C16F07CD200114232 /* FBFrictionlessRequestSettings.h */,
				7CDD3A7D16F07CD200114232 /* FBLoginDialog.h */,
				7CDD3A7E16F07CD200114232 /* FBRequest.h */,
				7CDD3A7F16F07CD200114232 /* JSON.h */,
				7CDD3A8016F07CD200114232 /* libfacebook_ios_sdk.a */,
				7CDD3A8116F07CD200114232 /* NSObject+SBJSON.h */,
				7CDD3A8216F07CD200114232 /* NSString+SBJSON.h */,
				7CDD3A8316F07CD200114232 /* SBJSON.h */,
				7CDD3A8416F07CD200114232 /* SBJsonBase.h */,
				7CDD3A8516F07CD200114232 /* SBJsonParser.h */,
				7CDD3A8616F07CD200114232 /* SBJsonWriter.h */,
			);
			name = "facebook-ios-sdk";
			sourceTree = "<group>";
		};
		7CDD3A6716F07BAC00114232 /* Files */ = {
			isa = PBXGroup;
			children = (
				7C2BECEF17009C5E00D3CEA3 /* GCSE-Biology-Exam-Board-OCR-Gateway.pdf */,
				7C2BECF017009C5E00D3CEA3 /* GCSE-Biology-Exam-Board-OCR-21st-Century.pdf */,
				7C2BECF117009C5E00D3CEA3 /* GCSE-Biology-Exam-Board-Edexcel.pdf */,
				7C2BECF217009C5E00D3CEA3 /* GCSE-Biology-Exam-Board-AQA.pdf */,
			);
			name = Files;
			sourceTree = "<group>";
		};
/* End PBXGroup section */

/* Begin PBXNativeTarget section */
		7CDD3A2A16F07AC000114232 /* BiologyVideoStreameriPad */ = {
			isa = PBXNativeTarget;
			buildConfigurationList = 7CDD3A5C16F07AC000114232 /* Build configuration list for PBXNativeTarget "BiologyVideoStreameriPad" */;
			buildPhases = (
				7CDD3A2716F07AC000114232 /* Sources */,
				7CDD3A2816F07AC000114232 /* Frameworks */,
				7CDD3A2916F07AC000114232 /* Resources */,
			);
			buildRules = (
			);
			dependencies = (
			);
			name = BiologyVideoStreameriPad;
			productName = BiologyVideoStreameriPad;
			productReference = 7CDD3A2B16F07AC000114232 /* GCSE.app */;
			productType = "com.apple.product-type.application";
		};
/* End PBXNativeTarget section */

/* Begin PBXProject section */
		7CDD3A2316F07AC000114232 /* Project object */ = {
			isa = PBXProject;
			attributes = {
				LastUpgradeCheck = 0460;
				ORGANIZATIONNAME = LearnersCloud;
			};
			buildConfigurationList = 7CDD3A2616F07AC000114232 /* Build configuration list for PBXProject "BiologyVideoStreameriPad" */;
			compatibilityVersion = "Xcode 3.2";
			developmentRegion = English;
			hasScannedForEncodings = 0;
			knownRegions = (
				en,
			);
			mainGroup = 7CDD3A2216F07AC000114232;
			productRefGroup = 7CDD3A2C16F07AC000114232 /* Products */;
			projectDirPath = "";
			projectRoot = "";
			targets = (
				7CDD3A2A16F07AC000114232 /* BiologyVideoStreameriPad */,
			);
		};
/* End PBXProject section */

/* Begin PBXResourcesBuildPhase section */
		7CDD3A2916F07AC000114232 /* Resources */ = {
			isa = PBXResourcesBuildPhase;
			buildActionMask = 2147483647;
			files = (
				7CDD3A3916F07AC000114232 /* InfoPlist.strings in Resources */,
				7CDD3AAC16F07E4C00114232 /* nav_btn_coverage_deselected.png in Resources */,
				7CDD3AAD16F07E4C00114232 /* btn_videos_deselected.png in Resources */,
				7CDD3AAE16F07E4C00114232 /* 60-signpost.png in Resources */,
				7CDD3ADA16F07EC200114232 /* web_promo_btn.png in Resources */,
				7CDD3ADB16F07EC200114232 /* buy_now.png in Resources */,
				7CDD3ADC16F07EC200114232 /* buy_now@2x.png in Resources */,
				7CDD3ADD16F07EC200114232 /* free.png in Resources */,
				7CDD3ADE16F07EC200114232 /* subscribe.png in Resources */,
				7CDD3ADF16F07EC200114232 /* Default-Landscape.png in Resources */,
				7CDD3AE016F07EC200114232 /* Default-Portrait.png in Resources */,
				7CDD3AE116F07EC200114232 /* Default-Portrait@2x.png in Resources */,
				7CDD3AE216F07EC200114232 /* Default-Landscape@2x.png in Resources */,
				7CDD3AE316F07EC200114232 /* Background.png in Resources */,
				7CDD3AE416F07EC200114232 /* Background@2x.png in Resources */,
				7CDD3AE516F07EC200114232 /* header_bar.png in Resources */,
				7CDD3AE616F07EC200114232 /* share_intro.png in Resources */,
				7CDD3AE716F07EC200114232 /* share_intro@2x.png in Resources */,
				7CDD3AE816F07EC200114232 /* divider_notifications.png in Resources */,
				7CDD3AE916F07EC200114232 /* divider_share.png in Resources */,
				7CDD3AEA16F07EC200114232 /* free_and_paid_videos.png in Resources */,
				7CDD3AF316F07EC200114232 /* icon_email_to_friend.png in Resources */,
				7CDD3AF416F07EC200114232 /* icon_like_on_facebook.png in Resources */,
				7CDD3AF516F07EC200114232 /* icon_share_on_twitter.png in Resources */,
				7CDD3AF616F07EC200114232 /* icon_follow_on_twitter.png in Resources */,
				7CDD3AF716F07EC200114232 /* icon_share_on_facebook.png in Resources */,
				7CDD3B1116F09F8C00114232 /* MainWindow.xib in Resources */,
				7CDD3B1416F0A2DF00114232 /* website_promo.png in Resources */,
				7CDD3B1516F0A2DF00114232 /* website_promo@2x.png in Resources */,
				7CDD3B1716F0A42400114232 /* TV_biology_header.png in Resources */,
				7CDD3B1A16F0B98700114232 /* hero_biology.png in Resources */,
				7CDD3B1B16F0B98700114232 /* hero_biology@2x.png in Resources */,
				7CDD3B2016F0BABB00114232 /* Icon-72.png in Resources */,
				7CDD3B2116F0BABB00114232 /* Icon-72@2x.png in Resources */,
				7CDD3B2216F0BABB00114232 /* Icon-Small-50.png in Resources */,
				7CDD3B2316F0BABB00114232 /* Icon-Small-50@2x.png in Resources */,
				7CDD3B2E16F0E55100114232 /* 1.png in Resources */,
				7CDD3B2F16F0E55100114232 /* 2.png in Resources */,
				7CDD3B3016F0E55100114232 /* 3.png in Resources */,
				7CDD3B3116F0E55100114232 /* 4.png in Resources */,
				7CDD3B3216F0E55100114232 /* 5.png in Resources */,
				7CDD3B3316F0E55100114232 /* 6.png in Resources */,
				7CDD3B3416F0E55100114232 /* 7.png in Resources */,
				7CDD3B3516F0E55100114232 /* 8.png in Resources */,
				7CDD3B3616F0E55100114232 /* 9.png in Resources */,
				7CDD3B3716F0E55100114232 /* 10.png in Resources */,
				7CDD3B4216F0E91D00114232 /* 11.png in Resources */,
				7CDD3B4316F0E91D00114232 /* 12.png in Resources */,
				7CDD3B4416F0E91D00114232 /* 13.png in Resources */,
				7CDD3B4516F0E91D00114232 /* 14.png in Resources */,
				7CDD3B4616F0E91D00114232 /* 15.png in Resources */,
				7CDD3B4716F0E91D00114232 /* 16.png in Resources */,
				7CDD3B4816F0E91D00114232 /* 17.png in Resources */,
				7CDD3B4916F0E91D00114232 /* 18.png in Resources */,
				7CDD3B4A16F0E91D00114232 /* 19.png in Resources */,
				7CDD3B4B16F0E91D00114232 /* 20.png in Resources */,
				7CDD3B5716F0EB9900114232 /* 21.png in Resources */,
				7CDD3B5816F0EB9900114232 /* 22.png in Resources */,
				7CDD3B5916F0EB9900114232 /* 23.png in Resources */,
				7CDD3B5A16F0EB9900114232 /* 24.png in Resources */,
				7CDD3B5B16F0EB9900114232 /* 25.png in Resources */,
				7CDD3B5C16F0EB9900114232 /* 26.png in Resources */,
				7CDD3B5D16F0EB9900114232 /* 27.png in Resources */,
				7CDD3B5E16F0EB9900114232 /* 28.png in Resources */,
				7CDD3B5F16F0EB9900114232 /* 29.png in Resources */,
				7CDD3B6016F0EB9900114232 /* 30.png in Resources */,
				7CDD3B6116F0EB9900114232 /* 31.png in Resources */,
				7CDD3B6B16F0EF8500114232 /* 32.png in Resources */,
				7CDD3B6C16F0EF8500114232 /* 33.png in Resources */,
				7CDD3B6D16F0EF8500114232 /* 34.png in Resources */,
				7CDD3B6E16F0EF8500114232 /* 35.png in Resources */,
				7CDD3B6F16F0EF8500114232 /* 36.png in Resources */,
				7CDD3B7016F0EF8500114232 /* 37.png in Resources */,
				7CDD3B7116F0EF8500114232 /* 38.png in Resources */,
				7CDD3B7216F0EF8500114232 /* 39.png in Resources */,
				7CDD3B7316F0EF8500114232 /* 40.png in Resources */,
				7CDD3B8F16F1CB1800114232 /* 41.png in Resources */,
				7CDD3B9016F1CB1800114232 /* 42.png in Resources */,
				7CDD3B9116F1CB1800114232 /* 43.png in Resources */,
				7CDD3B9216F1CB1800114232 /* 44.png in Resources */,
				7CDD3B9316F1CB1800114232 /* 45.png in Resources */,
				7CDD3B9416F1CB1800114232 /* 46.png in Resources */,
				7CDD3B9516F1CB1800114232 /* 47.png in Resources */,
				7CDD3B9616F1CB1800114232 /* 48.png in Resources */,
				7CDD3B9716F1CB1800114232 /* 49.png in Resources */,
				7CDD3B9816F1CB1800114232 /* 50.png in Resources */,
				7CDD3B9916F1CB1800114232 /* 51.png in Resources */,
				7CDD3B9A16F1CB1800114232 /* 52.png in Resources */,
				7CDD3B9B16F1CB1800114232 /* 53.png in Resources */,
				7CDD3B9C16F1CB1800114232 /* 54.png in Resources */,
				7CDD3B9D16F1CB1800114232 /* 55.png in Resources */,
				7CDD3B9E16F1CB1800114232 /* 56.png in Resources */,
				7CDD3B9F16F1CB1800114232 /* 57.png in Resources */,
				7CDD3BA016F1CB1800114232 /* 58.png in Resources */,
				7CDD3BA116F1CB1800114232 /* 59.png in Resources */,
				7CDD3BA216F1CB1800114232 /* 60.png in Resources */,
				7CDD3BA316F1CB1800114232 /* 61.png in Resources */,
				7CDD3BA416F1CB1800114232 /* 62.png in Resources */,
				7CDD3BA516F1CB1800114232 /* 63.png in Resources */,
				7CDD3BA616F1CB1800114232 /* 64.png in Resources */,
				7CDD3BA716F1CB1800114232 /* 65.png in Resources */,
				7CDD3BA816F1CB1800114232 /* 66.png in Resources */,
				7CDD3BA916F1CB1800114232 /* 67.png in Resources */,
				7CDD3BB216F1CF0A00114232 /* 68.png in Resources */,
				7CDD3BB316F1CF0A00114232 /* 69.png in Resources */,
				7CDD3BB416F1CF0A00114232 /* 70.png in Resources */,
				7CDD3BB516F1CF0A00114232 /* 71.png in Resources */,
				7CDD3BB616F1CF0A00114232 /* 72.png in Resources */,
				7CDD3BB716F1CF0A00114232 /* 73.png in Resources */,
				7CDD3BB816F1CF0A00114232 /* 74.png in Resources */,
				7CDD3BB916F1CF0A00114232 /* 75.png in Resources */,
				7CEA7D1816FC7C0200DB5C0B /* LearnersCloudTermsonapps.pdf in Resources */,
				7CEA7D1916FC7C0200DB5C0B /* HowtouseVideoStreamer.pdf in Resources */,
				7C2BECF317009C5E00D3CEA3 /* GCSE-Biology-Exam-Board-OCR-Gateway.pdf in Resources */,
				7C2BECF417009C5E00D3CEA3 /* GCSE-Biology-Exam-Board-OCR-21st-Century.pdf in Resources */,
				7C2BECF517009C5E00D3CEA3 /* GCSE-Biology-Exam-Board-Edexcel.pdf in Resources */,
				7C2BECF617009C5E00D3CEA3 /* GCSE-Biology-Exam-Board-AQA.pdf in Resources */,
			);
			runOnlyForDeploymentPostprocessing = 0;
		};
/* End PBXResourcesBuildPhase section */

/* Begin PBXSourcesBuildPhase section */
		7CDD3A2716F07AC000114232 /* Sources */ = {
			isa = PBXSourcesBuildPhase;
			buildActionMask = 2147483647;
			files = (
				7CDD3B1016F09CC600114232 /* AppDelegate.m in Sources */,
				7CDD3AFB16F07F6C00114232 /* LearnersCloudSamplesVideos.m in Sources */,
				7CDD3AFC16F07F6C00114232 /* AdminDashBoard.m in Sources */,
				7CDD3AFD16F07F6C00114232 /* Report.m in Sources */,
				7CDD3AFE16F07F6C00114232 /* Help.m in Sources */,
				7CDD3AFF16F07F6C00114232 /* TermsAndConditions.m in Sources */,
				7CDD3B0016F07F6C00114232 /* HowtoUse.m in Sources */,
				7CDD3B0116F07F6C00114232 /* PopUpTableviewViewController.m in Sources */,
				7CDD3B0216F07F6C00114232 /* Coverage.m in Sources */,
				7CDD3B0316F07F6C00114232 /* CoverageViewer.m in Sources */,
				7CDD3B0416F07F6C00114232 /* Start.m in Sources */,
				7CDD3B0516F07F6C00114232 /* FreeVideosClass.m in Sources */,
				7CDD3B0616F07F6C00114232 /* VideoPlayer.m in Sources */,
				7CDD3B0716F07F6C00114232 /* Buy.m in Sources */,
				7CDD3B0816F07F6C00114232 /* CustomStoreObserver.m in Sources */,
				7CDD3B0916F07F6C00114232 /* TabBar.m in Sources */,
				7CDD3B0A16F07F6C00114232 /* ActivityIndicator.m in Sources */,
				7CDD3B0B16F07F6C00114232 /* UnderlinedButton.m in Sources */,
				7CDD3B0C16F07F6C00114232 /* TransparentToolBar.m in Sources */,
				7CDD3B0D16F07F6C00114232 /* Reachability.m in Sources */,
				7CDD3AFA16F07F3600114232 /* ConfigObject.m in Sources */,
				7CDD3A3B16F07AC000114232 /* main.m in Sources */,
			);
			runOnlyForDeploymentPostprocessing = 0;
		};
/* End PBXSourcesBuildPhase section */

/* Begin PBXVariantGroup section */
		7CDD3A3716F07AC000114232 /* InfoPlist.strings */ = {
			isa = PBXVariantGroup;
			children = (
				7CDD3A3816F07AC000114232 /* en */,
			);
			name = InfoPlist.strings;
			sourceTree = "<group>";
		};
/* End PBXVariantGroup section */

/* Begin XCBuildConfiguration section */
		7CDD3A5A16F07AC000114232 /* Debug */ = {
			isa = XCBuildConfiguration;
			buildSettings = {
				ALWAYS_SEARCH_USER_PATHS = NO;
				CLANG_CXX_LANGUAGE_STANDARD = "gnu++0x";
				CLANG_CXX_LIBRARY = "libc++";
				CLANG_ENABLE_OBJC_ARC = YES;
				CLANG_WARN_CONSTANT_CONVERSION = YES;
				CLANG_WARN_EMPTY_BODY = YES;
				CLANG_WARN_ENUM_CONVERSION = YES;
				CLANG_WARN_INT_CONVERSION = YES;
				CLANG_WARN__DUPLICATE_METHOD_MATCH = YES;
				"CODE_SIGN_IDENTITY[sdk=iphoneos*]" = "iPhone Developer";
				COPY_PHASE_STRIP = NO;
				GCC_C_LANGUAGE_STANDARD = gnu99;
				GCC_DYNAMIC_NO_PIC = NO;
				GCC_OPTIMIZATION_LEVEL = 0;
				GCC_PREPROCESSOR_DEFINITIONS = (
					"DEBUG=1",
					"$(inherited)",
				);
				GCC_SYMBOLS_PRIVATE_EXTERN = NO;
				GCC_WARN_ABOUT_RETURN_TYPE = YES;
				GCC_WARN_UNINITIALIZED_AUTOS = YES;
				GCC_WARN_UNUSED_VARIABLE = YES;
				IPHONEOS_DEPLOYMENT_TARGET = 6.1;
				ONLY_ACTIVE_ARCH = YES;
				SDKROOT = iphoneos;
				TARGETED_DEVICE_FAMILY = 2;
			};
			name = Debug;
		};
		7CDD3A5B16F07AC000114232 /* Release */ = {
			isa = XCBuildConfiguration;
			buildSettings = {
				ALWAYS_SEARCH_USER_PATHS = NO;
				CLANG_CXX_LANGUAGE_STANDARD = "gnu++0x";
				CLANG_CXX_LIBRARY = "libc++";
				CLANG_ENABLE_OBJC_ARC = YES;
				CLANG_WARN_CONSTANT_CONVERSION = YES;
				CLANG_WARN_EMPTY_BODY = YES;
				CLANG_WARN_ENUM_CONVERSION = YES;
				CLANG_WARN_INT_CONVERSION = YES;
				CLANG_WARN__DUPLICATE_METHOD_MATCH = YES;
				"CODE_SIGN_IDENTITY[sdk=iphoneos*]" = "iPhone Developer";
				COPY_PHASE_STRIP = YES;
				GCC_C_LANGUAGE_STANDARD = gnu99;
				GCC_WARN_ABOUT_RETURN_TYPE = YES;
				GCC_WARN_UNINITIALIZED_AUTOS = YES;
				GCC_WARN_UNUSED_VARIABLE = YES;
				IPHONEOS_DEPLOYMENT_TARGET = 6.1;
				OTHER_CFLAGS = "-DNS_BLOCK_ASSERTIONS=1";
				SDKROOT = iphoneos;
				TARGETED_DEVICE_FAMILY = 2;
				VALIDATE_PRODUCT = YES;
			};
			name = Release;
		};
		7CDD3A5D16F07AC000114232 /* Debug */ = {
			isa = XCBuildConfiguration;
			buildSettings = {
				CODE_SIGN_IDENTITY = "iPhone Developer";
				GCC_PRECOMPILE_PREFIX_HEADER = YES;
				GCC_PREFIX_HEADER = "BiologyVideoStreameriPad/BiologyVideoStreameriPad-Prefix.pch";
				INFOPLIST_FILE = "BiologyVideoStreameriPad/BiologyVideoStreameriPad-Info.plist";
				IPHONEOS_DEPLOYMENT_TARGET = 5.1;
				LIBRARY_SEARCH_PATHS = (
					"$(inherited)",
					"\"$(SRCROOT)\"",
				);
				PRODUCT_NAME = GCSE;
				PROVISIONING_PROFILE = "";
				VALID_ARCHS = armv7;
				WRAPPER_EXTENSION = app;
			};
			name = Debug;
		};
		7CDD3A5E16F07AC000114232 /* Release */ = {
			isa = XCBuildConfiguration;
			buildSettings = {
				CODE_SIGN_IDENTITY = "iPhone Distribution";
				"CODE_SIGN_IDENTITY[sdk=iphoneos*]" = "iPhone Distribution";
				GCC_PRECOMPILE_PREFIX_HEADER = YES;
				GCC_PREFIX_HEADER = "BiologyVideoStreameriPad/BiologyVideoStreameriPad-Prefix.pch";
				INFOPLIST_FILE = "BiologyVideoStreameriPad/BiologyVideoStreameriPad-Info.plist";
				IPHONEOS_DEPLOYMENT_TARGET = 5.1;
				LIBRARY_SEARCH_PATHS = (
					"$(inherited)",
					"\"$(SRCROOT)\"",
				);
				PRODUCT_NAME = GCSE;
				PROVISIONING_PROFILE = "";
				"PROVISIONING_PROFILE[sdk=iphoneos*]" = "";
				VALID_ARCHS = armv7;
				WRAPPER_EXTENSION = app;
			};
			name = Release;
		};
/* End XCBuildConfiguration section */

/* Begin XCConfigurationList section */
		7CDD3A2616F07AC000114232 /* Build configuration list for PBXProject "BiologyVideoStreameriPad" */ = {
			isa = XCConfigurationList;
			buildConfigurations = (
				7CDD3A5A16F07AC000114232 /* Debug */,
				7CDD3A5B16F07AC000114232 /* Release */,
			);
			defaultConfigurationIsVisible = 0;
			defaultConfigurationName = Release;
		};
		7CDD3A5C16F07AC000114232 /* Build configuration list for PBXNativeTarget "BiologyVideoStreameriPad" */ = {
			isa = XCConfigurationList;
			buildConfigurations = (
				7CDD3A5D16F07AC000114232 /* Debug */,
				7CDD3A5E16F07AC000114232 /* Release */,
			);
			defaultConfigurationIsVisible = 0;
			defaultConfigurationName = Release;
		};
/* End XCConfigurationList section */
	};
	rootObject = 7CDD3A2316F07AC000114232 /* Project object */;
}
