// !$*UTF8*$!
{
	archiveVersion = 1;
	classes = {
	};
	objectVersion = 46;
	objects = {

/* Begin PBXBuildFile section */
		7C098FCF180354C4008AE468 /* Images.xcassets in Resources */ = {isa = PBXBuildFile; fileRef = 7C098FCE180354C4008AE468 /* Images.xcassets */; };
		7C2BECF317009C5E00D3CEA3 /* GCSE-Biology-Exam-Board-OCR-Gateway.pdf in Resources */ = {isa = PBXBuildFile; fileRef = 7C2BECEF17009C5E00D3CEA3 /* GCSE-Biology-Exam-Board-OCR-Gateway.pdf */; };
		7C2BECF417009C5E00D3CEA3 /* GCSE-Biology-Exam-Board-OCR-21st-Century.pdf in Resources */ = {isa = PBXBuildFile; fileRef = 7C2BECF017009C5E00D3CEA3 /* GCSE-Biology-Exam-Board-OCR-21st-Century.pdf */; };
		7C2BECF517009C5E00D3CEA3 /* GCSE-Biology-Exam-Board-Edexcel.pdf in Resources */ = {isa = PBXBuildFile; fileRef = 7C2BECF117009C5E00D3CEA3 /* GCSE-Biology-Exam-Board-Edexcel.pdf */; };
		7C2BECF617009C5E00D3CEA3 /* GCSE-Biology-Exam-Board-AQA.pdf in Resources */ = {isa = PBXBuildFile; fileRef = 7C2BECF217009C5E00D3CEA3 /* GCSE-Biology-Exam-Board-AQA.pdf */; };
		7C87DE231734FB2000D5C5AB /* MainWindow.xib in Resources */ = {isa = PBXBuildFile; fileRef = 7C87DE221734FB2000D5C5AB /* MainWindow.xib */; };
		7C87DE321734FB7300D5C5AB /* LearnersCloudSamplesVideos.m in Sources */ = {isa = PBXBuildFile; fileRef = 7C87DE191734F82200D5C5AB /* LearnersCloudSamplesVideos.m */; };
		7C87DE331734FB7300D5C5AB /* Help.m in Sources */ = {isa = PBXBuildFile; fileRef = 7C87DE1B1734F83700D5C5AB /* Help.m */; };
		7C87DE341734FB7300D5C5AB /* Trailers.m in Sources */ = {isa = PBXBuildFile; fileRef = 7C87DE1D1734FADE00D5C5AB /* Trailers.m */; };
		7C87DE351734FB7300D5C5AB /* TrailerPlayer.m in Sources */ = {isa = PBXBuildFile; fileRef = 7C87DE1F1734FADE00D5C5AB /* TrailerPlayer.m */; };
		7CDD3A2F16F07AC000114232 /* UIKit.framework in Frameworks */ = {isa = PBXBuildFile; fileRef = 7CDD3A2E16F07AC000114232 /* UIKit.framework */; };
		7CDD3A3116F07AC000114232 /* Foundation.framework in Frameworks */ = {isa = PBXBuildFile; fileRef = 7CDD3A3016F07AC000114232 /* Foundation.framework */; };
		7CDD3A3316F07AC000114232 /* CoreGraphics.framework in Frameworks */ = {isa = PBXBuildFile; fileRef = 7CDD3A3216F07AC000114232 /* CoreGraphics.framework */; };
		7CDD3A3916F07AC000114232 /* InfoPlist.strings in Resources */ = {isa = PBXBuildFile; fileRef = 7CDD3A3716F07AC000114232 /* InfoPlist.strings */; };
		7CDD3A3B16F07AC000114232 /* main.m in Sources */ = {isa = PBXBuildFile; fileRef = 7CDD3A3A16F07AC000114232 /* main.m */; };
		7CDD3A6916F07BEF00114232 /* AVFoundation.framework in Frameworks */ = {isa = PBXBuildFile; fileRef = 7CDD3A6816F07BEF00114232 /* AVFoundation.framework */; };
		7CDD3A6B16F07BFF00114232 /* libsqlite3.dylib in Frameworks */ = {isa = PBXBuildFile; fileRef = 7CDD3A6A16F07BFF00114232 /* libsqlite3.dylib */; };
		7CDD3A6D16F07C0A00114232 /* CFNetwork.framework in Frameworks */ = {isa = PBXBuildFile; fileRef = 7CDD3A6C16F07C0A00114232 /* CFNetwork.framework */; };
		7CDD3A6F16F07C1300114232 /* MessageUI.framework in Frameworks */ = {isa = PBXBuildFile; fileRef = 7CDD3A6E16F07C1300114232 /* MessageUI.framework */; };
		7CDD3A7116F07C1B00114232 /* StoreKit.framework in Frameworks */ = {isa = PBXBuildFile; fileRef = 7CDD3A7016F07C1B00114232 /* StoreKit.framework */; };
		7CDD3A7316F07C2A00114232 /* MediaPlayer.framework in Frameworks */ = {isa = PBXBuildFile; fileRef = 7CDD3A7216F07C2A00114232 /* MediaPlayer.framework */; };
		7CDD3A7516F07C3700114232 /* SystemConfiguration.framework in Frameworks */ = {isa = PBXBuildFile; fileRef = 7CDD3A7416F07C3700114232 /* SystemConfiguration.framework */; };
		7CDD3A7716F07C4100114232 /* Twitter.framework in Frameworks */ = {isa = PBXBuildFile; fileRef = 7CDD3A7616F07C4100114232 /* Twitter.framework */; };
		7CDD3A8716F07D1800114232 /* libfacebook_ios_sdk.a in Frameworks */ = {isa = PBXBuildFile; fileRef = 7CDD3A8016F07CD200114232 /* libfacebook_ios_sdk.a */; };
		7CDD3A8A16F07D5300114232 /* libGoogleAnalytics.a in Frameworks */ = {isa = PBXBuildFile; fileRef = 7CDD3A8916F07D3F00114232 /* libGoogleAnalytics.a */; };
		7CDD3AFA16F07F3600114232 /* ConfigObject.m in Sources */ = {isa = PBXBuildFile; fileRef = 7CDD3A8C16F07DBE00114232 /* ConfigObject.m */; };
		7CDD3AFC16F07F6C00114232 /* AdminDashBoard.m in Sources */ = {isa = PBXBuildFile; fileRef = 7CDD3A9016F07DDF00114232 /* AdminDashBoard.m */; };
		7CDD3AFD16F07F6C00114232 /* Report.m in Sources */ = {isa = PBXBuildFile; fileRef = 7CDD3A9216F07DDF00114232 /* Report.m */; };
		7CDD3AFF16F07F6C00114232 /* TermsAndConditions.m in Sources */ = {isa = PBXBuildFile; fileRef = 7CDD3A9616F07DDF00114232 /* TermsAndConditions.m */; };
		7CDD3B0016F07F6C00114232 /* HowtoUse.m in Sources */ = {isa = PBXBuildFile; fileRef = 7CDD3A9816F07DDF00114232 /* HowtoUse.m */; };
		7CDD3B0116F07F6C00114232 /* PopUpTableviewViewController.m in Sources */ = {isa = PBXBuildFile; fileRef = 7CDD3A9A16F07DDF00114232 /* PopUpTableviewViewController.m */; };
		7CDD3B0216F07F6C00114232 /* Coverage.m in Sources */ = {isa = PBXBuildFile; fileRef = 7CDD3A9C16F07DDF00114232 /* Coverage.m */; };
		7CDD3B0316F07F6C00114232 /* CoverageViewer.m in Sources */ = {isa = PBXBuildFile; fileRef = 7CDD3A9E16F07DDF00114232 /* CoverageViewer.m */; };
		7CDD3B0416F07F6C00114232 /* Start.m in Sources */ = {isa = PBXBuildFile; fileRef = 7CDD3AA016F07E3600114232 /* Start.m */; };
		7CDD3B0516F07F6C00114232 /* FreeVideosClass.m in Sources */ = {isa = PBXBuildFile; fileRef = 7CDD3AA216F07E3600114232 /* FreeVideosClass.m */; };
		7CDD3B0616F07F6C00114232 /* VideoPlayer.m in Sources */ = {isa = PBXBuildFile; fileRef = 7CDD3AA416F07E3600114232 /* VideoPlayer.m */; };
		7CDD3B0716F07F6C00114232 /* Buy.m in Sources */ = {isa = PBXBuildFile; fileRef = 7CDD3AA616F07E3600114232 /* Buy.m */; };
		7CDD3B0816F07F6C00114232 /* CustomStoreObserver.m in Sources */ = {isa = PBXBuildFile; fileRef = 7CDD3AA816F07E3600114232 /* CustomStoreObserver.m */; };
		7CDD3B0916F07F6C00114232 /* TabBar.m in Sources */ = {isa = PBXBuildFile; fileRef = 7CDD3AB116F07E8500114232 /* TabBar.m */; };
		7CDD3B0A16F07F6C00114232 /* ActivityIndicator.m in Sources */ = {isa = PBXBuildFile; fileRef = 7CDD3AB316F07E8500114232 /* ActivityIndicator.m */; };
		7CDD3B0B16F07F6C00114232 /* UnderlinedButton.m in Sources */ = {isa = PBXBuildFile; fileRef = 7CDD3AB516F07E8500114232 /* UnderlinedButton.m */; };
		7CDD3B0C16F07F6C00114232 /* TransparentToolBar.m in Sources */ = {isa = PBXBuildFile; fileRef = 7CDD3AB716F07E8500114232 /* TransparentToolBar.m */; };
		7CDD3B0D16F07F6C00114232 /* Reachability.m in Sources */ = {isa = PBXBuildFile; fileRef = 7CDD3AF916F07F0300114232 /* Reachability.m */; settings = {COMPILER_FLAGS = "-fno-objc-arc"; }; };
		7CDD3B1016F09CC600114232 /* AppDelegate.m in Sources */ = {isa = PBXBuildFile; fileRef = 7CDD3B0F16F080C200114232 /* AppDelegate.m */; };
		7CEA7D1816FC7C0200DB5C0B /* LearnersCloudTermsonapps.pdf in Resources */ = {isa = PBXBuildFile; fileRef = 7CEA7D1616FC7C0200DB5C0B /* LearnersCloudTermsonapps.pdf */; };
		7CEA7D1916FC7C0200DB5C0B /* HowtouseVideoStreamer.pdf in Resources */ = {isa = PBXBuildFile; fileRef = 7CEA7D1716FC7C0200DB5C0B /* HowtouseVideoStreamer.pdf */; };
/* End PBXBuildFile section */

/* Begin PBXFileReference section */
		7C098FCE180354C4008AE468 /* Images.xcassets */ = {isa = PBXFileReference; lastKnownFileType = folder.assetcatalog; name = Images.xcassets; path = BiologyVideoStreameriPad/Images.xcassets; sourceTree = "<group>"; };
		7C098FD018035C7D008AE468 /* GCSE.entitlements */ = {isa = PBXFileReference; lastKnownFileType = text.xml; name = GCSE.entitlements; path = BiologyVideoStreameriPad/GCSE.entitlements; sourceTree = "<group>"; };
		7C2BECEF17009C5E00D3CEA3 /* GCSE-Biology-Exam-Board-OCR-Gateway.pdf */ = {isa = PBXFileReference; lastKnownFileType = image.pdf; path = "GCSE-Biology-Exam-Board-OCR-Gateway.pdf"; sourceTree = "<group>"; };
		7C2BECF017009C5E00D3CEA3 /* GCSE-Biology-Exam-Board-OCR-21st-Century.pdf */ = {isa = PBXFileReference; lastKnownFileType = image.pdf; path = "GCSE-Biology-Exam-Board-OCR-21st-Century.pdf"; sourceTree = "<group>"; };
		7C2BECF117009C5E00D3CEA3 /* GCSE-Biology-Exam-Board-Edexcel.pdf */ = {isa = PBXFileReference; lastKnownFileType = image.pdf; path = "GCSE-Biology-Exam-Board-Edexcel.pdf"; sourceTree = "<group>"; };
		7C2BECF217009C5E00D3CEA3 /* GCSE-Biology-Exam-Board-AQA.pdf */ = {isa = PBXFileReference; lastKnownFileType = image.pdf; path = "GCSE-Biology-Exam-Board-AQA.pdf"; sourceTree = "<group>"; };
		7C87DE181734F82200D5C5AB /* LearnersCloudSamplesVideos.h */ = {isa = PBXFileReference; lastKnownFileType = sourcecode.c.h; path = LearnersCloudSamplesVideos.h; sourceTree = "<group>"; };
		7C87DE191734F82200D5C5AB /* LearnersCloudSamplesVideos.m */ = {isa = PBXFileReference; lastKnownFileType = sourcecode.c.objc; path = LearnersCloudSamplesVideos.m; sourceTree = "<group>"; };
		7C87DE1A1734F83700D5C5AB /* Help.h */ = {isa = PBXFileReference; lastKnownFileType = sourcecode.c.h; path = Help.h; sourceTree = "<group>"; };
		7C87DE1B1734F83700D5C5AB /* Help.m */ = {isa = PBXFileReference; lastKnownFileType = sourcecode.c.objc; path = Help.m; sourceTree = "<group>"; };
		7C87DE1C1734FADE00D5C5AB /* Trailers.h */ = {isa = PBXFileReference; lastKnownFileType = sourcecode.c.h; path = Trailers.h; sourceTree = "<group>"; };
		7C87DE1D1734FADE00D5C5AB /* Trailers.m */ = {isa = PBXFileReference; lastKnownFileType = sourcecode.c.objc; path = Trailers.m; sourceTree = "<group>"; };
		7C87DE1E1734FADE00D5C5AB /* TrailerPlayer.h */ = {isa = PBXFileReference; lastKnownFileType = sourcecode.c.h; path = TrailerPlayer.h; sourceTree = "<group>"; };
		7C87DE1F1734FADE00D5C5AB /* TrailerPlayer.m */ = {isa = PBXFileReference; lastKnownFileType = sourcecode.c.objc; path = TrailerPlayer.m; sourceTree = "<group>"; };
		7C87DE221734FB2000D5C5AB /* MainWindow.xib */ = {isa = PBXFileReference; fileEncoding = 4; lastKnownFileType = file.xib; path = MainWindow.xib; sourceTree = "<group>"; };
		7CDD3A2B16F07AC000114232 /* GCSE.app */ = {isa = PBXFileReference; explicitFileType = wrapper.application; includeInIndex = 0; path = GCSE.app; sourceTree = BUILT_PRODUCTS_DIR; };
		7CDD3A2E16F07AC000114232 /* UIKit.framework */ = {isa = PBXFileReference; lastKnownFileType = wrapper.framework; name = UIKit.framework; path = System/Library/Frameworks/UIKit.framework; sourceTree = SDKROOT; };
		7CDD3A3016F07AC000114232 /* Foundation.framework */ = {isa = PBXFileReference; lastKnownFileType = wrapper.framework; name = Foundation.framework; path = System/Library/Frameworks/Foundation.framework; sourceTree = SDKROOT; };
		7CDD3A3216F07AC000114232 /* CoreGraphics.framework */ = {isa = PBXFileReference; lastKnownFileType = wrapper.framework; name = CoreGraphics.framework; path = System/Library/Frameworks/CoreGraphics.framework; sourceTree = SDKROOT; };
		7CDD3A3616F07AC000114232 /* BiologyVideoStreameriPad-Info.plist */ = {isa = PBXFileReference; lastKnownFileType = text.plist.xml; path = "BiologyVideoStreameriPad-Info.plist"; sourceTree = "<group>"; };
		7CDD3A3816F07AC000114232 /* en */ = {isa = PBXFileReference; lastKnownFileType = text.plist.strings; name = en; path = en.lproj/InfoPlist.strings; sourceTree = "<group>"; };
		7CDD3A3A16F07AC000114232 /* main.m */ = {isa = PBXFileReference; lastKnownFileType = sourcecode.c.objc; path = main.m; sourceTree = "<group>"; };
		7CDD3A3C16F07AC000114232 /* BiologyVideoStreameriPad-Prefix.pch */ = {isa = PBXFileReference; lastKnownFileType = sourcecode.c.h; path = "BiologyVideoStreameriPad-Prefix.pch"; sourceTree = "<group>"; };
		7CDD3A6816F07BEF00114232 /* AVFoundation.framework */ = {isa = PBXFileReference; lastKnownFileType = wrapper.framework; name = AVFoundation.framework; path = System/Library/Frameworks/AVFoundation.framework; sourceTree = SDKROOT; };
		7CDD3A6A16F07BFF00114232 /* libsqlite3.dylib */ = {isa = PBXFileReference; lastKnownFileType = "compiled.mach-o.dylib"; name = libsqlite3.dylib; path = usr/lib/libsqlite3.dylib; sourceTree = SDKROOT; };
		7CDD3A6C16F07C0A00114232 /* CFNetwork.framework */ = {isa = PBXFileReference; lastKnownFileType = wrapper.framework; name = CFNetwork.framework; path = System/Library/Frameworks/CFNetwork.framework; sourceTree = SDKROOT; };
		7CDD3A6E16F07C1300114232 /* MessageUI.framework */ = {isa = PBXFileReference; lastKnownFileType = wrapper.framework; name = MessageUI.framework; path = System/Library/Frameworks/MessageUI.framework; sourceTree = SDKROOT; };
		7CDD3A7016F07C1B00114232 /* StoreKit.framework */ = {isa = PBXFileReference; lastKnownFileType = wrapper.framework; name = StoreKit.framework; path = System/Library/Frameworks/StoreKit.framework; sourceTree = SDKROOT; };
		7CDD3A7216F07C2A00114232 /* MediaPlayer.framework */ = {isa = PBXFileReference; lastKnownFileType = wrapper.framework; name = MediaPlayer.framework; path = System/Library/Frameworks/MediaPlayer.framework; sourceTree = SDKROOT; };
		7CDD3A7416F07C3700114232 /* SystemConfiguration.framework */ = {isa = PBXFileReference; lastKnownFileType = wrapper.framework; name = SystemConfiguration.framework; path = System/Library/Frameworks/SystemConfiguration.framework; sourceTree = SDKROOT; };
		7CDD3A7616F07C4100114232 /* Twitter.framework */ = {isa = PBXFileReference; lastKnownFileType = wrapper.framework; name = Twitter.framework; path = System/Library/Frameworks/Twitter.framework; sourceTree = SDKROOT; };
		7CDD3A7816F07CD200114232 /* Facebook.h */ = {isa = PBXFileReference; lastKnownFileType = sourcecode.c.h; path = Facebook.h; sourceTree = "<group>"; };
		7CDD3A7916F07CD200114232 /* FBConnect.h */ = {isa = PBXFileReference; lastKnownFileType = sourcecode.c.h; path = FBConnect.h; sourceTree = "<group>"; };
		7CDD3A7A16F07CD200114232 /* FBDialog.bundle */ = {isa = PBXFileReference; lastKnownFileType = "wrapper.plug-in"; path = FBDialog.bundle; sourceTree = "<group>"; };
		7CDD3A7B16F07CD200114232 /* FBDialog.h */ = {isa = PBXFileReference; lastKnownFileType = sourcecode.c.h; path = FBDialog.h; sourceTree = "<group>"; };
		7CDD3A7C16F07CD200114232 /* FBFrictionlessRequestSettings.h */ = {isa = PBXFileReference; lastKnownFileType = sourcecode.c.h; path = FBFrictionlessRequestSettings.h; sourceTree = "<group>"; };
		7CDD3A7D16F07CD200114232 /* FBLoginDialog.h */ = {isa = PBXFileReference; lastKnownFileType = sourcecode.c.h; path = FBLoginDialog.h; sourceTree = "<group>"; };
		7CDD3A7E16F07CD200114232 /* FBRequest.h */ = {isa = PBXFileReference; lastKnownFileType = sourcecode.c.h; path = FBRequest.h; sourceTree = "<group>"; };
		7CDD3A7F16F07CD200114232 /* JSON.h */ = {isa = PBXFileReference; lastKnownFileType = sourcecode.c.h; path = JSON.h; sourceTree = "<group>"; };
		7CDD3A8016F07CD200114232 /* libfacebook_ios_sdk.a */ = {isa = PBXFileReference; lastKnownFileType = archive.ar; path = libfacebook_ios_sdk.a; sourceTree = "<group>"; };
		7CDD3A8116F07CD200114232 /* NSObject+SBJSON.h */ = {isa = PBXFileReference; lastKnownFileType = sourcecode.c.h; path = "NSObject+SBJSON.h"; sourceTree = "<group>"; };
		7CDD3A8216F07CD200114232 /* NSString+SBJSON.h */ = {isa = PBXFileReference; lastKnownFileType = sourcecode.c.h; path = "NSString+SBJSON.h"; sourceTree = "<group>"; };
		7CDD3A8316F07CD200114232 /* SBJSON.h */ = {isa = PBXFileReference; lastKnownFileType = sourcecode.c.h; path = SBJSON.h; sourceTree = "<group>"; };
		7CDD3A8416F07CD200114232 /* SBJsonBase.h */ = {isa = PBXFileReference; lastKnownFileType = sourcecode.c.h; path = SBJsonBase.h; sourceTree = "<group>"; };
		7CDD3A8516F07CD200114232 /* SBJsonParser.h */ = {isa = PBXFileReference; lastKnownFileType = sourcecode.c.h; path = SBJsonParser.h; sourceTree = "<group>"; };
		7CDD3A8616F07CD200114232 /* SBJsonWriter.h */ = {isa = PBXFileReference; lastKnownFileType = sourcecode.c.h; path = SBJsonWriter.h; sourceTree = "<group>"; };
		7CDD3A8816F07D3F00114232 /* GANTracker.h */ = {isa = PBXFileReference; lastKnownFileType = sourcecode.c.h; path = GANTracker.h; sourceTree = "<group>"; };
		7CDD3A8916F07D3F00114232 /* libGoogleAnalytics.a */ = {isa = PBXFileReference; lastKnownFileType = archive.ar; path = libGoogleAnalytics.a; sourceTree = "<group>"; };
		7CDD3A8B16F07DBE00114232 /* ConfigObject.h */ = {isa = PBXFileReference; lastKnownFileType = sourcecode.c.h; path = ConfigObject.h; sourceTree = "<group>"; };
		7CDD3A8C16F07DBE00114232 /* ConfigObject.m */ = {isa = PBXFileReference; lastKnownFileType = sourcecode.c.objc; path = ConfigObject.m; sourceTree = "<group>"; };
		7CDD3A8F16F07DDF00114232 /* AdminDashBoard.h */ = {isa = PBXFileReference; lastKnownFileType = sourcecode.c.h; path = AdminDashBoard.h; sourceTree = "<group>"; };
		7CDD3A9016F07DDF00114232 /* AdminDashBoard.m */ = {isa = PBXFileReference; lastKnownFileType = sourcecode.c.objc; path = AdminDashBoard.m; sourceTree = "<group>"; };
		7CDD3A9116F07DDF00114232 /* Report.h */ = {isa = PBXFileReference; lastKnownFileType = sourcecode.c.h; path = Report.h; sourceTree = "<group>"; };
		7CDD3A9216F07DDF00114232 /* Report.m */ = {isa = PBXFileReference; lastKnownFileType = sourcecode.c.objc; path = Report.m; sourceTree = "<group>"; };
		7CDD3A9516F07DDF00114232 /* TermsAndConditions.h */ = {isa = PBXFileReference; lastKnownFileType = sourcecode.c.h; path = TermsAndConditions.h; sourceTree = "<group>"; };
		7CDD3A9616F07DDF00114232 /* TermsAndConditions.m */ = {isa = PBXFileReference; lastKnownFileType = sourcecode.c.objc; path = TermsAndConditions.m; sourceTree = "<group>"; };
		7CDD3A9716F07DDF00114232 /* HowtoUse.h */ = {isa = PBXFileReference; lastKnownFileType = sourcecode.c.h; path = HowtoUse.h; sourceTree = "<group>"; };
		7CDD3A9816F07DDF00114232 /* HowtoUse.m */ = {isa = PBXFileReference; lastKnownFileType = sourcecode.c.objc; path = HowtoUse.m; sourceTree = "<group>"; };
		7CDD3A9916F07DDF00114232 /* PopUpTableviewViewController.h */ = {isa = PBXFileReference; lastKnownFileType = sourcecode.c.h; path = PopUpTableviewViewController.h; sourceTree = "<group>"; };
		7CDD3A9A16F07DDF00114232 /* PopUpTableviewViewController.m */ = {isa = PBXFileReference; lastKnownFileType = sourcecode.c.objc; path = PopUpTableviewViewController.m; sourceTree = "<group>"; };
		7CDD3A9B16F07DDF00114232 /* Coverage.h */ = {isa = PBXFileReference; lastKnownFileType = sourcecode.c.h; path = Coverage.h; sourceTree = "<group>"; };
		7CDD3A9C16F07DDF00114232 /* Coverage.m */ = {isa = PBXFileReference; lastKnownFileType = sourcecode.c.objc; path = Coverage.m; sourceTree = "<group>"; };
		7CDD3A9D16F07DDF00114232 /* CoverageViewer.h */ = {isa = PBXFileReference; lastKnownFileType = sourcecode.c.h; path = CoverageViewer.h; sourceTree = "<group>"; };
		7CDD3A9E16F07DDF00114232 /* CoverageViewer.m */ = {isa = PBXFileReference; lastKnownFileType = sourcecode.c.objc; path = CoverageViewer.m; sourceTree = "<group>"; };
		7CDD3A9F16F07E3600114232 /* Start.h */ = {isa = PBXFileReference; lastKnownFileType = sourcecode.c.h; path = Start.h; sourceTree = "<group>"; };
		7CDD3AA016F07E3600114232 /* Start.m */ = {isa = PBXFileReference; lastKnownFileType = sourcecode.c.objc; path = Start.m; sourceTree = "<group>"; };
		7CDD3AA116F07E3600114232 /* FreeVideosClass.h */ = {isa = PBXFileReference; lastKnownFileType = sourcecode.c.h; path = FreeVideosClass.h; sourceTree = "<group>"; };
		7CDD3AA216F07E3600114232 /* FreeVideosClass.m */ = {isa = PBXFileReference; lastKnownFileType = sourcecode.c.objc; path = FreeVideosClass.m; sourceTree = "<group>"; };
		7CDD3AA316F07E3600114232 /* VideoPlayer.h */ = {isa = PBXFileReference; lastKnownFileType = sourcecode.c.h; path = VideoPlayer.h; sourceTree = "<group>"; };
		7CDD3AA416F07E3600114232 /* VideoPlayer.m */ = {isa = PBXFileReference; lastKnownFileType = sourcecode.c.objc; path = VideoPlayer.m; sourceTree = "<group>"; };
		7CDD3AA516F07E3600114232 /* Buy.h */ = {isa = PBXFileReference; lastKnownFileType = sourcecode.c.h; path = Buy.h; sourceTree = "<group>"; };
		7CDD3AA616F07E3600114232 /* Buy.m */ = {isa = PBXFileReference; lastKnownFileType = sourcecode.c.objc; path = Buy.m; sourceTree = "<group>"; };
		7CDD3AA716F07E3600114232 /* CustomStoreObserver.h */ = {isa = PBXFileReference; lastKnownFileType = sourcecode.c.h; path = CustomStoreObserver.h; sourceTree = "<group>"; };
		7CDD3AA816F07E3600114232 /* CustomStoreObserver.m */ = {isa = PBXFileReference; lastKnownFileType = sourcecode.c.objc; path = CustomStoreObserver.m; sourceTree = "<group>"; };
		7CDD3AB016F07E8500114232 /* TabBar.h */ = {isa = PBXFileReference; lastKnownFileType = sourcecode.c.h; path = TabBar.h; sourceTree = "<group>"; };
		7CDD3AB116F07E8500114232 /* TabBar.m */ = {isa = PBXFileReference; lastKnownFileType = sourcecode.c.objc; path = TabBar.m; sourceTree = "<group>"; };
		7CDD3AB216F07E8500114232 /* ActivityIndicator.h */ = {isa = PBXFileReference; lastKnownFileType = sourcecode.c.h; path = ActivityIndicator.h; sourceTree = "<group>"; };
		7CDD3AB316F07E8500114232 /* ActivityIndicator.m */ = {isa = PBXFileReference; lastKnownFileType = sourcecode.c.objc; path = ActivityIndicator.m; sourceTree = "<group>"; };
		7CDD3AB416F07E8500114232 /* UnderlinedButton.h */ = {isa = PBXFileReference; lastKnownFileType = sourcecode.c.h; path = UnderlinedButton.h; sourceTree = "<group>"; };
		7CDD3AB516F07E8500114232 /* UnderlinedButton.m */ = {isa = PBXFileReference; lastKnownFileType = sourcecode.c.objc; path = UnderlinedButton.m; sourceTree = "<group>"; };
		7CDD3AB616F07E8500114232 /* TransparentToolBar.h */ = {isa = PBXFileReference; lastKnownFileType = sourcecode.c.h; path = TransparentToolBar.h; sourceTree = "<group>"; };
		7CDD3AB716F07E8500114232 /* TransparentToolBar.m */ = {isa = PBXFileReference; lastKnownFileType = sourcecode.c.objc; path = TransparentToolBar.m; sourceTree = "<group>"; };
		7CDD3AF816F07F0300114232 /* Reachability.h */ = {isa = PBXFileReference; lastKnownFileType = sourcecode.c.h; path = Reachability.h; sourceTree = "<group>"; };
		7CDD3AF916F07F0300114232 /* Reachability.m */ = {isa = PBXFileReference; lastKnownFileType = sourcecode.c.objc; path = Reachability.m; sourceTree = "<group>"; };
		7CDD3B0E16F080C200114232 /* AppDelegate.h */ = {isa = PBXFileReference; lastKnownFileType = sourcecode.c.h; path = AppDelegate.h; sourceTree = "<group>"; };
		7CDD3B0F16F080C200114232 /* AppDelegate.m */ = {isa = PBXFileReference; lastKnownFileType = sourcecode.c.objc; path = AppDelegate.m; sourceTree = "<group>"; };
		7CEA7D1616FC7C0200DB5C0B /* LearnersCloudTermsonapps.pdf */ = {isa = PBXFileReference; lastKnownFileType = image.pdf; path = LearnersCloudTermsonapps.pdf; sourceTree = "<group>"; };
		7CEA7D1716FC7C0200DB5C0B /* HowtouseVideoStreamer.pdf */ = {isa = PBXFileReference; lastKnownFileType = image.pdf; path = HowtouseVideoStreamer.pdf; sourceTree = "<group>"; };
/* End PBXFileReference section */

/* Begin PBXFrameworksBuildPhase section */
		7CDD3A2816F07AC000114232 /* Frameworks */ = {
			isa = PBXFrameworksBuildPhase;
			buildActionMask = 2147483647;
			files = (
				7CDD3A8A16F07D5300114232 /* libGoogleAnalytics.a in Frameworks */,
				7CDD3A8716F07D1800114232 /* libfacebook_ios_sdk.a in Frameworks */,
				7CDD3A7716F07C4100114232 /* Twitter.framework in Frameworks */,
				7CDD3A7516F07C3700114232 /* SystemConfiguration.framework in Frameworks */,
				7CDD3A7316F07C2A00114232 /* MediaPlayer.framework in Frameworks */,
				7CDD3A7116F07C1B00114232 /* StoreKit.framework in Frameworks */,
				7CDD3A6F16F07C1300114232 /* MessageUI.framework in Frameworks */,
				7CDD3A6D16F07C0A00114232 /* CFNetwork.framework in Frameworks */,
				7CDD3A6B16F07BFF00114232 /* libsqlite3.dylib in Frameworks */,
				7CDD3A6916F07BEF00114232 /* AVFoundation.framework in Frameworks */,
				7CDD3A2F16F07AC000114232 /* UIKit.framework in Frameworks */,
				7CDD3A3116F07AC000114232 /* Foundation.framework in Frameworks */,
				7CDD3A3316F07AC000114232 /* CoreGraphics.framework in Frameworks */,
			);
			runOnlyForDeploymentPostprocessing = 0;
		};
/* End PBXFrameworksBuildPhase section */

/* Begin PBXGroup section */
		7CDD3A2216F07AC000114232 = {
			isa = PBXGroup;
			children = (
				7C098FD018035C7D008AE468 /* GCSE.entitlements */,
				7CDD3A6716F07BAC00114232 /* Files */,
				7CDD3A6616F07B9700114232 /* facebook-ios-sdk */,
				7CDD3A6516F07B8900114232 /* Analytics */,
				7CDD3A6416F07B7700114232 /* VideoImages */,
				7CDD3A6316F07B6A00114232 /* Data Models */,
				7CDD3A6216F07B6000114232 /* Classes */,
				7CDD3A6116F07B4E00114232 /* ClientSideClasses */,
				7CDD3A6016F07B4000114232 /* Icons */,
				7CDD3A5F16F07B0D00114232 /* Resources */,
				7CDD3A3416F07AC000114232 /* Main Window */,
				7CDD3A2D16F07AC000114232 /* Frameworks */,
				7CDD3A2C16F07AC000114232 /* Products */,
			);
			sourceTree = "<group>";
		};
		7CDD3A2C16F07AC000114232 /* Products */ = {
			isa = PBXGroup;
			children = (
				7CDD3A2B16F07AC000114232 /* GCSE.app */,
			);
			name = Products;
			sourceTree = "<group>";
		};
		7CDD3A2D16F07AC000114232 /* Frameworks */ = {
			isa = PBXGroup;
			children = (
				7CDD3AF816F07F0300114232 /* Reachability.h */,
				7CDD3AF916F07F0300114232 /* Reachability.m */,
				7CDD3A7616F07C4100114232 /* Twitter.framework */,
				7CDD3A7416F07C3700114232 /* SystemConfiguration.framework */,
				7CDD3A7216F07C2A00114232 /* MediaPlayer.framework */,
				7CDD3A7016F07C1B00114232 /* StoreKit.framework */,
				7CDD3A6E16F07C1300114232 /* MessageUI.framework */,
				7CDD3A6C16F07C0A00114232 /* CFNetwork.framework */,
				7CDD3A6A16F07BFF00114232 /* libsqlite3.dylib */,
				7CDD3A6816F07BEF00114232 /* AVFoundation.framework */,
				7CDD3A2E16F07AC000114232 /* UIKit.framework */,
				7CDD3A3016F07AC000114232 /* Foundation.framework */,
				7CDD3A3216F07AC000114232 /* CoreGraphics.framework */,
			);
			name = Frameworks;
			sourceTree = "<group>";
		};
		7CDD3A3416F07AC000114232 /* Main Window */ = {
			isa = PBXGroup;
			children = (
				7CDD3B0E16F080C200114232 /* AppDelegate.h */,
				7CDD3B0F16F080C200114232 /* AppDelegate.m */,
				7C87DE221734FB2000D5C5AB /* MainWindow.xib */,
				7CDD3AB016F07E8500114232 /* TabBar.h */,
				7CDD3AB116F07E8500114232 /* TabBar.m */,
				7CDD3AB216F07E8500114232 /* ActivityIndicator.h */,
				7CDD3AB316F07E8500114232 /* ActivityIndicator.m */,
				7CDD3AB416F07E8500114232 /* UnderlinedButton.h */,
				7CDD3AB516F07E8500114232 /* UnderlinedButton.m */,
				7CDD3AB616F07E8500114232 /* TransparentToolBar.h */,
				7CDD3AB716F07E8500114232 /* TransparentToolBar.m */,
				7CDD3A3516F07AC000114232 /* Supporting Files */,
			);
			name = "Main Window";
			path = BiologyVideoStreameriPad;
			sourceTree = "<group>";
		};
		7CDD3A3516F07AC000114232 /* Supporting Files */ = {
			isa = PBXGroup;
			children = (
				7CDD3A3616F07AC000114232 /* BiologyVideoStreameriPad-Info.plist */,
				7CDD3A3716F07AC000114232 /* InfoPlist.strings */,
				7CDD3A3A16F07AC000114232 /* main.m */,
				7CDD3A3C16F07AC000114232 /* BiologyVideoStreameriPad-Prefix.pch */,
			);
			name = "Supporting Files";
			sourceTree = "<group>";
		};
		7CDD3A5F16F07B0D00114232 /* Resources */ = {
			isa = PBXGroup;
			children = (
				7C098FCE180354C4008AE468 /* Images.xcassets */,
			);
			name = Resources;
			sourceTree = "<group>";
		};
		7CDD3A6016F07B4000114232 /* Icons */ = {
			isa = PBXGroup;
			children = (
			);
			name = Icons;
			sourceTree = "<group>";
		};
		7CDD3A6116F07B4E00114232 /* ClientSideClasses */ = {
			isa = PBXGroup;
			children = (
				7CDD3A9F16F07E3600114232 /* Start.h */,
				7CDD3AA016F07E3600114232 /* Start.m */,
				7CDD3AA116F07E3600114232 /* FreeVideosClass.h */,
				7CDD3AA216F07E3600114232 /* FreeVideosClass.m */,
				7CDD3AA316F07E3600114232 /* VideoPlayer.h */,
				7CDD3AA416F07E3600114232 /* VideoPlayer.m */,
				7CDD3AA516F07E3600114232 /* Buy.h */,
				7CDD3AA616F07E3600114232 /* Buy.m */,
				7CDD3AA716F07E3600114232 /* CustomStoreObserver.h */,
				7CDD3AA816F07E3600114232 /* CustomStoreObserver.m */,
				7C87DE1C1734FADE00D5C5AB /* Trailers.h */,
				7C87DE1D1734FADE00D5C5AB /* Trailers.m */,
				7C87DE1E1734FADE00D5C5AB /* TrailerPlayer.h */,
				7C87DE1F1734FADE00D5C5AB /* TrailerPlayer.m */,
			);
			name = ClientSideClasses;
			sourceTree = "<group>";
		};
		7CDD3A6216F07B6000114232 /* Classes */ = {
			isa = PBXGroup;
			children = (
				7C87DE181734F82200D5C5AB /* LearnersCloudSamplesVideos.h */,
				7C87DE191734F82200D5C5AB /* LearnersCloudSamplesVideos.m */,
				7CDD3A8F16F07DDF00114232 /* AdminDashBoard.h */,
				7CDD3A9016F07DDF00114232 /* AdminDashBoard.m */,
				7CDD3A9116F07DDF00114232 /* Report.h */,
				7CDD3A9216F07DDF00114232 /* Report.m */,
				7C87DE1A1734F83700D5C5AB /* Help.h */,
				7C87DE1B1734F83700D5C5AB /* Help.m */,
				7CDD3A9516F07DDF00114232 /* TermsAndConditions.h */,
				7CDD3A9616F07DDF00114232 /* TermsAndConditions.m */,
				7CDD3A9716F07DDF00114232 /* HowtoUse.h */,
				7CDD3A9816F07DDF00114232 /* HowtoUse.m */,
				7CDD3A9916F07DDF00114232 /* PopUpTableviewViewController.h */,
				7CDD3A9A16F07DDF00114232 /* PopUpTableviewViewController.m */,
				7CDD3A9B16F07DDF00114232 /* Coverage.h */,
				7CDD3A9C16F07DDF00114232 /* Coverage.m */,
				7CDD3A9D16F07DDF00114232 /* CoverageViewer.h */,
				7CDD3A9E16F07DDF00114232 /* CoverageViewer.m */,
			);
			name = Classes;
			sourceTree = "<group>";
		};
		7CDD3A6316F07B6A00114232 /* Data Models */ = {
			isa = PBXGroup;
			children = (
				7CDD3A8B16F07DBE00114232 /* ConfigObject.h */,
				7CDD3A8C16F07DBE00114232 /* ConfigObject.m */,
			);
			name = "Data Models";
			sourceTree = "<group>";
		};
		7CDD3A6416F07B7700114232 /* VideoImages */ = {
			isa = PBXGroup;
			children = (
				7CEA7D1616FC7C0200DB5C0B /* LearnersCloudTermsonapps.pdf */,
				7CEA7D1716FC7C0200DB5C0B /* HowtouseVideoStreamer.pdf */,
			);
			name = VideoImages;
			sourceTree = "<group>";
		};
		7CDD3A6516F07B8900114232 /* Analytics */ = {
			isa = PBXGroup;
			children = (
				7CDD3A8816F07D3F00114232 /* GANTracker.h */,
				7CDD3A8916F07D3F00114232 /* libGoogleAnalytics.a */,
			);
			name = Analytics;
			sourceTree = "<group>";
		};
		7CDD3A6616F07B9700114232 /* facebook-ios-sdk */ = {
			isa = PBXGroup;
			children = (
				7CDD3A7816F07CD200114232 /* Facebook.h */,
				7CDD3A7916F07CD200114232 /* FBConnect.h */,
				7CDD3A7A16F07CD200114232 /* FBDialog.bundle */,
				7CDD3A7B16F07CD200114232 /* FBDialog.h */,
				7CDD3A7C16F07CD200114232 /* FBFrictionlessRequestSettings.h */,
				7CDD3A7D16F07CD200114232 /* FBLoginDialog.h */,
				7CDD3A7E16F07CD200114232 /* FBRequest.h */,
				7CDD3A7F16F07CD200114232 /* JSON.h */,
				7CDD3A8016F07CD200114232 /* libfacebook_ios_sdk.a */,
				7CDD3A8116F07CD200114232 /* NSObject+SBJSON.h */,
				7CDD3A8216F07CD200114232 /* NSString+SBJSON.h */,
				7CDD3A8316F07CD200114232 /* SBJSON.h */,
				7CDD3A8416F07CD200114232 /* SBJsonBase.h */,
				7CDD3A8516F07CD200114232 /* SBJsonParser.h */,
				7CDD3A8616F07CD200114232 /* SBJsonWriter.h */,
			);
			name = "facebook-ios-sdk";
			sourceTree = "<group>";
		};
		7CDD3A6716F07BAC00114232 /* Files */ = {
			isa = PBXGroup;
			children = (
				7C2BECEF17009C5E00D3CEA3 /* GCSE-Biology-Exam-Board-OCR-Gateway.pdf */,
				7C2BECF017009C5E00D3CEA3 /* GCSE-Biology-Exam-Board-OCR-21st-Century.pdf */,
				7C2BECF117009C5E00D3CEA3 /* GCSE-Biology-Exam-Board-Edexcel.pdf */,
				7C2BECF217009C5E00D3CEA3 /* GCSE-Biology-Exam-Board-AQA.pdf */,
			);
			name = Files;
			sourceTree = "<group>";
		};
/* End PBXGroup section */

/* Begin PBXNativeTarget section */
		7CDD3A2A16F07AC000114232 /* BiologyVideoStreameriPad */ = {
			isa = PBXNativeTarget;
			buildConfigurationList = 7CDD3A5C16F07AC000114232 /* Build configuration list for PBXNativeTarget "BiologyVideoStreameriPad" */;
			buildPhases = (
				7CDD3A2716F07AC000114232 /* Sources */,
				7CDD3A2816F07AC000114232 /* Frameworks */,
				7CDD3A2916F07AC000114232 /* Resources */,
			);
			buildRules = (
			);
			dependencies = (
			);
			name = BiologyVideoStreameriPad;
			productName = BiologyVideoStreameriPad;
			productReference = 7CDD3A2B16F07AC000114232 /* GCSE.app */;
			productType = "com.apple.product-type.application";
		};
/* End PBXNativeTarget section */

/* Begin PBXProject section */
		7CDD3A2316F07AC000114232 /* Project object */ = {
			isa = PBXProject;
			attributes = {
				LastUpgradeCheck = 0460;
				ORGANIZATIONNAME = LearnersCloud;
				TargetAttributes = {
					7CDD3A2A16F07AC000114232 = {
						DevelopmentTeam = 9RNCM436XC;
						SystemCapabilities = {
							com.apple.iCloud = {
								enabled = 1;
							};
						};
					};
				};
			};
			buildConfigurationList = 7CDD3A2616F07AC000114232 /* Build configuration list for PBXProject "BiologyVideoStreameriPad" */;
			compatibilityVersion = "Xcode 3.2";
			developmentRegion = English;
			hasScannedForEncodings = 0;
			knownRegions = (
				en,
			);
			mainGroup = 7CDD3A2216F07AC000114232;
			productRefGroup = 7CDD3A2C16F07AC000114232 /* Products */;
			projectDirPath = "";
			projectRoot = "";
			targets = (
				7CDD3A2A16F07AC000114232 /* BiologyVideoStreameriPad */,
			);
		};
/* End PBXProject section */

/* Begin PBXResourcesBuildPhase section */
		7CDD3A2916F07AC000114232 /* Resources */ = {
			isa = PBXResourcesBuildPhase;
			buildActionMask = 2147483647;
			files = (
				7CDD3A3916F07AC000114232 /* InfoPlist.strings in Resources */,
				7C098FCF180354C4008AE468 /* Images.xcassets in Resources */,
				7CEA7D1816FC7C0200DB5C0B /* LearnersCloudTermsonapps.pdf in Resources */,
				7CEA7D1916FC7C0200DB5C0B /* HowtouseVideoStreamer.pdf in Resources */,
				7C2BECF317009C5E00D3CEA3 /* GCSE-Biology-Exam-Board-OCR-Gateway.pdf in Resources */,
				7C2BECF417009C5E00D3CEA3 /* GCSE-Biology-Exam-Board-OCR-21st-Century.pdf in Resources */,
				7C2BECF517009C5E00D3CEA3 /* GCSE-Biology-Exam-Board-Edexcel.pdf in Resources */,
				7C2BECF617009C5E00D3CEA3 /* GCSE-Biology-Exam-Board-AQA.pdf in Resources */,
				7C87DE231734FB2000D5C5AB /* MainWindow.xib in Resources */,
			);
			runOnlyForDeploymentPostprocessing = 0;
		};
/* End PBXResourcesBuildPhase section */

/* Begin PBXSourcesBuildPhase section */
		7CDD3A2716F07AC000114232 /* Sources */ = {
			isa = PBXSourcesBuildPhase;
			buildActionMask = 2147483647;
			files = (
				7C87DE321734FB7300D5C5AB /* LearnersCloudSamplesVideos.m in Sources */,
				7C87DE331734FB7300D5C5AB /* Help.m in Sources */,
				7C87DE341734FB7300D5C5AB /* Trailers.m in Sources */,
				7C87DE351734FB7300D5C5AB /* TrailerPlayer.m in Sources */,
				7CDD3B1016F09CC600114232 /* AppDelegate.m in Sources */,
				7CDD3AFC16F07F6C00114232 /* AdminDashBoard.m in Sources */,
				7CDD3AFD16F07F6C00114232 /* Report.m in Sources */,
				7CDD3AFF16F07F6C00114232 /* TermsAndConditions.m in Sources */,
				7CDD3B0016F07F6C00114232 /* HowtoUse.m in Sources */,
				7CDD3B0116F07F6C00114232 /* PopUpTableviewViewController.m in Sources */,
				7CDD3B0216F07F6C00114232 /* Coverage.m in Sources */,
				7CDD3B0316F07F6C00114232 /* CoverageViewer.m in Sources */,
				7CDD3B0416F07F6C00114232 /* Start.m in Sources */,
				7CDD3B0516F07F6C00114232 /* FreeVideosClass.m in Sources */,
				7CDD3B0616F07F6C00114232 /* VideoPlayer.m in Sources */,
				7CDD3B0716F07F6C00114232 /* Buy.m in Sources */,
				7CDD3B0816F07F6C00114232 /* CustomStoreObserver.m in Sources */,
				7CDD3B0916F07F6C00114232 /* TabBar.m in Sources */,
				7CDD3B0A16F07F6C00114232 /* ActivityIndicator.m in Sources */,
				7CDD3B0B16F07F6C00114232 /* UnderlinedButton.m in Sources */,
				7CDD3B0C16F07F6C00114232 /* TransparentToolBar.m in Sources */,
				7CDD3B0D16F07F6C00114232 /* Reachability.m in Sources */,
				7CDD3AFA16F07F3600114232 /* ConfigObject.m in Sources */,
				7CDD3A3B16F07AC000114232 /* main.m in Sources */,
			);
			runOnlyForDeploymentPostprocessing = 0;
		};
/* End PBXSourcesBuildPhase section */

/* Begin PBXVariantGroup section */
		7CDD3A3716F07AC000114232 /* InfoPlist.strings */ = {
			isa = PBXVariantGroup;
			children = (
				7CDD3A3816F07AC000114232 /* en */,
			);
			name = InfoPlist.strings;
			sourceTree = "<group>";
		};
/* End PBXVariantGroup section */

/* Begin XCBuildConfiguration section */
		7CDD3A5A16F07AC000114232 /* Debug */ = {
			isa = XCBuildConfiguration;
			buildSettings = {
				ALWAYS_SEARCH_USER_PATHS = NO;
				CLANG_CXX_LANGUAGE_STANDARD = "gnu++0x";
				CLANG_CXX_LIBRARY = "libc++";
				CLANG_ENABLE_OBJC_ARC = YES;
				CLANG_WARN_CONSTANT_CONVERSION = YES;
				CLANG_WARN_EMPTY_BODY = YES;
				CLANG_WARN_ENUM_CONVERSION = YES;
				CLANG_WARN_INT_CONVERSION = YES;
				CLANG_WARN__DUPLICATE_METHOD_MATCH = YES;
				"CODE_SIGN_IDENTITY[sdk=iphoneos*]" = "iPhone Developer";
				COPY_PHASE_STRIP = NO;
				GCC_C_LANGUAGE_STANDARD = gnu99;
				GCC_DYNAMIC_NO_PIC = NO;
				GCC_OPTIMIZATION_LEVEL = 0;
				GCC_PREPROCESSOR_DEFINITIONS = (
					"DEBUG=1",
					"$(inherited)",
				);
				GCC_SYMBOLS_PRIVATE_EXTERN = NO;
				GCC_WARN_ABOUT_RETURN_TYPE = YES;
				GCC_WARN_UNINITIALIZED_AUTOS = YES;
				GCC_WARN_UNUSED_VARIABLE = YES;
				IPHONEOS_DEPLOYMENT_TARGET = 6.1;
				ONLY_ACTIVE_ARCH = YES;
				SDKROOT = iphoneos;
				TARGETED_DEVICE_FAMILY = 2;
			};
			name = Debug;
		};
		7CDD3A5B16F07AC000114232 /* Release */ = {
			isa = XCBuildConfiguration;
			buildSettings = {
				ALWAYS_SEARCH_USER_PATHS = NO;
				CLANG_CXX_LANGUAGE_STANDARD = "gnu++0x";
				CLANG_CXX_LIBRARY = "libc++";
				CLANG_ENABLE_OBJC_ARC = YES;
				CLANG_WARN_CONSTANT_CONVERSION = YES;
				CLANG_WARN_EMPTY_BODY = YES;
				CLANG_WARN_ENUM_CONVERSION = YES;
				CLANG_WARN_INT_CONVERSION = YES;
				CLANG_WARN__DUPLICATE_METHOD_MATCH = YES;
				"CODE_SIGN_IDENTITY[sdk=iphoneos*]" = "iPhone Developer";
				COPY_PHASE_STRIP = YES;
				GCC_C_LANGUAGE_STANDARD = gnu99;
				GCC_WARN_ABOUT_RETURN_TYPE = YES;
				GCC_WARN_UNINITIALIZED_AUTOS = YES;
				GCC_WARN_UNUSED_VARIABLE = YES;
				IPHONEOS_DEPLOYMENT_TARGET = 6.1;
				OTHER_CFLAGS = "-DNS_BLOCK_ASSERTIONS=1";
				SDKROOT = iphoneos;
				TARGETED_DEVICE_FAMILY = 2;
				VALIDATE_PRODUCT = YES;
			};
			name = Release;
		};
		7CDD3A5D16F07AC000114232 /* Debug */ = {
			isa = XCBuildConfiguration;
			buildSettings = {
				ASSETCATALOG_COMPILER_APPICON_NAME = AppIcon;
				ASSETCATALOG_COMPILER_LAUNCHIMAGE_NAME = LaunchImage;
				CODE_SIGN_ENTITLEMENTS = BiologyVideoStreameriPad/GCSE.entitlements;
				CODE_SIGN_IDENTITY = "iPhone Developer: Joseph caxton (99S98QLWW3)";
				"CODE_SIGN_IDENTITY[sdk=iphoneos*]" = "iPhone Developer: Joseph caxton (99S98QLWW3)";
				GCC_PRECOMPILE_PREFIX_HEADER = YES;
				GCC_PREFIX_HEADER = "BiologyVideoStreameriPad/BiologyVideoStreameriPad-Prefix.pch";
				INFOPLIST_FILE = "BiologyVideoStreameriPad/BiologyVideoStreameriPad-Info.plist";
				IPHONEOS_DEPLOYMENT_TARGET = 5.0;
				LIBRARY_SEARCH_PATHS = (
					"$(inherited)",
					"\"$(SRCROOT)\"",
				);
				PRODUCT_NAME = GCSE;
				PROVISIONING_PROFILE = "FD044D8C-213D-458E-8A31-3DA2C80799F1";
				VALID_ARCHS = armv7;
				WRAPPER_EXTENSION = app;
			};
			name = Debug;
		};
		7CDD3A5E16F07AC000114232 /* Release */ = {
			isa = XCBuildConfiguration;
			buildSettings = {
				ASSETCATALOG_COMPILER_APPICON_NAME = AppIcon;
				ASSETCATALOG_COMPILER_LAUNCHIMAGE_NAME = LaunchImage;
				CODE_SIGN_ENTITLEMENTS = BiologyVideoStreameriPad/GCSE.entitlements;
				CODE_SIGN_IDENTITY = "iPhone Distribution: Theta Computer Services Limited (9RNCM436XC)";
				"CODE_SIGN_IDENTITY[sdk=iphoneos*]" = "iPhone Distribution: Theta Computer Services Limited (9RNCM436XC)";
				GCC_PRECOMPILE_PREFIX_HEADER = YES;
				GCC_PREFIX_HEADER = "BiologyVideoStreameriPad/BiologyVideoStreameriPad-Prefix.pch";
				INFOPLIST_FILE = "BiologyVideoStreameriPad/BiologyVideoStreameriPad-Info.plist";
				IPHONEOS_DEPLOYMENT_TARGET = 5.0;
				LIBRARY_SEARCH_PATHS = (
					"$(inherited)",
					"\"$(SRCROOT)\"",
				);
				PRODUCT_NAME = GCSE;
				PROVISIONING_PROFILE = "79D1A327-C831-499C-935A-1C209012FD3F";
				"PROVISIONING_PROFILE[sdk=iphoneos*]" = "79D1A327-C831-499C-935A-1C209012FD3F";
				VALID_ARCHS = armv7;
				WRAPPER_EXTENSION = app;
			};
			name = Release;
		};
/* End XCBuildConfiguration section */

/* Begin XCConfigurationList section */
		7CDD3A2616F07AC000114232 /* Build configuration list for PBXProject "BiologyVideoStreameriPad" */ = {
			isa = XCConfigurationList;
			buildConfigurations = (
				7CDD3A5A16F07AC000114232 /* Debug */,
				7CDD3A5B16F07AC000114232 /* Release */,
			);
			defaultConfigurationIsVisible = 0;
			defaultConfigurationName = Release;
		};
		7CDD3A5C16F07AC000114232 /* Build configuration list for PBXNativeTarget "BiologyVideoStreameriPad" */ = {
			isa = XCConfigurationList;
			buildConfigurations = (
				7CDD3A5D16F07AC000114232 /* Debug */,
				7CDD3A5E16F07AC000114232 /* Release */,
			);
			defaultConfigurationIsVisible = 0;
			defaultConfigurationName = Release;
		};
/* End XCConfigurationList section */
	};
	rootObject = 7CDD3A2316F07AC000114232 /* Project object */;
}
